// !$*UTF8*$!
{
	archiveVersion = 1;
	classes = {
	};
	objectVersion = 46;
	objects = {

/* Begin PBXBuildFile section */
		43B2C94A1DA7C124004FA849 /* MJRefreshAutoFooter.m in Sources */ = {isa = PBXBuildFile; fileRef = 43B2C91E1DA7C124004FA849 /* MJRefreshAutoFooter.m */; };
		43B2C94B1DA7C124004FA849 /* MJRefreshBackFooter.m in Sources */ = {isa = PBXBuildFile; fileRef = 43B2C9201DA7C124004FA849 /* MJRefreshBackFooter.m */; };
		43B2C94C1DA7C124004FA849 /* MJRefreshComponent.m in Sources */ = {isa = PBXBuildFile; fileRef = 43B2C9221DA7C124004FA849 /* MJRefreshComponent.m */; };
		43B2C94D1DA7C124004FA849 /* MJRefreshFooter.m in Sources */ = {isa = PBXBuildFile; fileRef = 43B2C9241DA7C124004FA849 /* MJRefreshFooter.m */; };
		43B2C94E1DA7C124004FA849 /* MJRefreshHeader.m in Sources */ = {isa = PBXBuildFile; fileRef = 43B2C9261DA7C124004FA849 /* MJRefreshHeader.m */; };
		43B2C94F1DA7C124004FA849 /* MJRefreshAutoGifFooter.m in Sources */ = {isa = PBXBuildFile; fileRef = 43B2C92B1DA7C124004FA849 /* MJRefreshAutoGifFooter.m */; };
		43B2C9501DA7C124004FA849 /* MJRefreshAutoNormalFooter.m in Sources */ = {isa = PBXBuildFile; fileRef = 43B2C92D1DA7C124004FA849 /* MJRefreshAutoNormalFooter.m */; };
		43B2C9511DA7C124004FA849 /* MJRefreshAutoStateFooter.m in Sources */ = {isa = PBXBuildFile; fileRef = 43B2C92F1DA7C124004FA849 /* MJRefreshAutoStateFooter.m */; };
		43B2C9521DA7C124004FA849 /* MJRefreshBackGifFooter.m in Sources */ = {isa = PBXBuildFile; fileRef = 43B2C9321DA7C124004FA849 /* MJRefreshBackGifFooter.m */; };
		43B2C9531DA7C124004FA849 /* MJRefreshBackNormalFooter.m in Sources */ = {isa = PBXBuildFile; fileRef = 43B2C9341DA7C124004FA849 /* MJRefreshBackNormalFooter.m */; };
		43B2C9541DA7C124004FA849 /* MJRefreshBackStateFooter.m in Sources */ = {isa = PBXBuildFile; fileRef = 43B2C9361DA7C124004FA849 /* MJRefreshBackStateFooter.m */; };
		43B2C9551DA7C124004FA849 /* MJRefreshGifHeader.m in Sources */ = {isa = PBXBuildFile; fileRef = 43B2C9391DA7C124004FA849 /* MJRefreshGifHeader.m */; };
		43B2C9561DA7C124004FA849 /* MJRefreshNormalHeader.m in Sources */ = {isa = PBXBuildFile; fileRef = 43B2C93B1DA7C124004FA849 /* MJRefreshNormalHeader.m */; };
		43B2C9571DA7C124004FA849 /* MJRefreshStateHeader.m in Sources */ = {isa = PBXBuildFile; fileRef = 43B2C93D1DA7C124004FA849 /* MJRefreshStateHeader.m */; };
		43B2C9581DA7C124004FA849 /* MJRefresh.bundle in Resources */ = {isa = PBXBuildFile; fileRef = 43B2C93E1DA7C124004FA849 /* MJRefresh.bundle */; };
		43B2C9591DA7C124004FA849 /* MJRefreshConst.m in Sources */ = {isa = PBXBuildFile; fileRef = 43B2C9411DA7C124004FA849 /* MJRefreshConst.m */; };
		43B2C95A1DA7C124004FA849 /* NSBundle+MJRefresh.m in Sources */ = {isa = PBXBuildFile; fileRef = 43B2C9431DA7C124004FA849 /* NSBundle+MJRefresh.m */; };
		43B2C95B1DA7C124004FA849 /* UIScrollView+MJExtension.m in Sources */ = {isa = PBXBuildFile; fileRef = 43B2C9451DA7C124004FA849 /* UIScrollView+MJExtension.m */; };
		43B2C95C1DA7C124004FA849 /* UIScrollView+MJRefresh.m in Sources */ = {isa = PBXBuildFile; fileRef = 43B2C9471DA7C124004FA849 /* UIScrollView+MJRefresh.m */; };
		43B2C95D1DA7C124004FA849 /* UIView+MJExtension.m in Sources */ = {isa = PBXBuildFile; fileRef = 43B2C9491DA7C124004FA849 /* UIView+MJExtension.m */; };
		43B2C9611DA7C139004FA849 /* UIView+Toast.m in Sources */ = {isa = PBXBuildFile; fileRef = 43B2C9601DA7C139004FA849 /* UIView+Toast.m */; };
		43B2C97A1DA7C2AB004FA849 /* IQNSArray+Sort.swift in Sources */ = {isa = PBXBuildFile; fileRef = 43B2C9641DA7C2AB004FA849 /* IQNSArray+Sort.swift */; };
		43B2C97B1DA7C2AB004FA849 /* IQUIScrollView+Additions.swift in Sources */ = {isa = PBXBuildFile; fileRef = 43B2C9651DA7C2AB004FA849 /* IQUIScrollView+Additions.swift */; };
		43B2C97C1DA7C2AB004FA849 /* IQUITextFieldView+Additions.swift in Sources */ = {isa = PBXBuildFile; fileRef = 43B2C9661DA7C2AB004FA849 /* IQUITextFieldView+Additions.swift */; };
		43B2C97D1DA7C2AB004FA849 /* IQUIView+Hierarchy.swift in Sources */ = {isa = PBXBuildFile; fileRef = 43B2C9671DA7C2AB004FA849 /* IQUIView+Hierarchy.swift */; };
		43B2C97E1DA7C2AB004FA849 /* IQUIViewController+Additions.swift in Sources */ = {isa = PBXBuildFile; fileRef = 43B2C9681DA7C2AB004FA849 /* IQUIViewController+Additions.swift */; };
		43B2C97F1DA7C2AB004FA849 /* IQUIWindow+Hierarchy.swift in Sources */ = {isa = PBXBuildFile; fileRef = 43B2C9691DA7C2AB004FA849 /* IQUIWindow+Hierarchy.swift */; };
		43B2C9801DA7C2AB004FA849 /* IQKeyboardManagerConstants.swift in Sources */ = {isa = PBXBuildFile; fileRef = 43B2C96B1DA7C2AB004FA849 /* IQKeyboardManagerConstants.swift */; };
		43B2C9811DA7C2AB004FA849 /* IQKeyboardManagerConstantsInternal.swift in Sources */ = {isa = PBXBuildFile; fileRef = 43B2C96C1DA7C2AB004FA849 /* IQKeyboardManagerConstantsInternal.swift */; };
		43B2C9821DA7C2AB004FA849 /* IQKeyboardManager.swift in Sources */ = {isa = PBXBuildFile; fileRef = 43B2C96D1DA7C2AB004FA849 /* IQKeyboardManager.swift */; };
		43B2C9831DA7C2AB004FA849 /* IQKeyboardReturnKeyHandler.swift in Sources */ = {isa = PBXBuildFile; fileRef = 43B2C96F1DA7C2AB004FA849 /* IQKeyboardReturnKeyHandler.swift */; };
		43B2C9841DA7C2AB004FA849 /* IQTextView.swift in Sources */ = {isa = PBXBuildFile; fileRef = 43B2C9711DA7C2AB004FA849 /* IQTextView.swift */; };
		43B2C9851DA7C2AB004FA849 /* IQBarButtonItem.swift in Sources */ = {isa = PBXBuildFile; fileRef = 43B2C9731DA7C2AB004FA849 /* IQBarButtonItem.swift */; };
		43B2C9861DA7C2AB004FA849 /* IQPreviousNextView.swift in Sources */ = {isa = PBXBuildFile; fileRef = 43B2C9741DA7C2AB004FA849 /* IQPreviousNextView.swift */; };
		43B2C9871DA7C2AB004FA849 /* IQTitleBarButtonItem.swift in Sources */ = {isa = PBXBuildFile; fileRef = 43B2C9751DA7C2AB004FA849 /* IQTitleBarButtonItem.swift */; };
		43B2C9881DA7C2AB004FA849 /* IQToolbar.swift in Sources */ = {isa = PBXBuildFile; fileRef = 43B2C9761DA7C2AB004FA849 /* IQToolbar.swift */; };
		43B2C9891DA7C2AB004FA849 /* IQUIView+IQKeyboardToolbar.swift in Sources */ = {isa = PBXBuildFile; fileRef = 43B2C9771DA7C2AB004FA849 /* IQUIView+IQKeyboardToolbar.swift */; };
		43B2C98A1DA7C2AB004FA849 /* IQKeyboardManager.bundle in Resources */ = {isa = PBXBuildFile; fileRef = 43B2C9791DA7C2AB004FA849 /* IQKeyboardManager.bundle */; };
		43D390531DA35DD000039C35 /* Alamofire.framework in Frameworks */ = {isa = PBXBuildFile; fileRef = EA67D0E11D9E53CB00468A92 /* Alamofire.framework */; };
		43D390541DA35DD000039C35 /* Alamofire.framework in Embed Frameworks */ = {isa = PBXBuildFile; fileRef = EA67D0E11D9E53CB00468A92 /* Alamofire.framework */; settings = {ATTRIBUTES = (CodeSignOnCopy, RemoveHeadersOnCopy, ); }; };
		43D390551DA35DD000039C35 /* Dollar.framework in Frameworks */ = {isa = PBXBuildFile; fileRef = EA67D0E21D9E53CB00468A92 /* Dollar.framework */; };
		43D390561DA35DD000039C35 /* Dollar.framework in Embed Frameworks */ = {isa = PBXBuildFile; fileRef = EA67D0E21D9E53CB00468A92 /* Dollar.framework */; settings = {ATTRIBUTES = (CodeSignOnCopy, RemoveHeadersOnCopy, ); }; };
		43D390571DA35DD000039C35 /* Prelude.framework in Frameworks */ = {isa = PBXBuildFile; fileRef = EA67D0E31D9E53CB00468A92 /* Prelude.framework */; };
		43D390581DA35DD000039C35 /* Prelude.framework in Embed Frameworks */ = {isa = PBXBuildFile; fileRef = EA67D0E31D9E53CB00468A92 /* Prelude.framework */; settings = {ATTRIBUTES = (CodeSignOnCopy, RemoveHeadersOnCopy, ); }; };
		43D390591DA35DD000039C35 /* ReactiveCocoa.framework in Frameworks */ = {isa = PBXBuildFile; fileRef = EA67D0E41D9E53CB00468A92 /* ReactiveCocoa.framework */; };
		43D3905A1DA35DD000039C35 /* ReactiveCocoa.framework in Embed Frameworks */ = {isa = PBXBuildFile; fileRef = EA67D0E41D9E53CB00468A92 /* ReactiveCocoa.framework */; settings = {ATTRIBUTES = (CodeSignOnCopy, RemoveHeadersOnCopy, ); }; };
		43D3905B1DA35DD000039C35 /* Result.framework in Frameworks */ = {isa = PBXBuildFile; fileRef = EA67D0E51D9E53CB00468A92 /* Result.framework */; };
		43D3905C1DA35DD000039C35 /* Result.framework in Embed Frameworks */ = {isa = PBXBuildFile; fileRef = EA67D0E51D9E53CB00468A92 /* Result.framework */; settings = {ATTRIBUTES = (CodeSignOnCopy, RemoveHeadersOnCopy, ); }; };
		43D3905D1DA35DD000039C35 /* Runes.framework in Frameworks */ = {isa = PBXBuildFile; fileRef = EA67D0E61D9E53CB00468A92 /* Runes.framework */; };
		43D3905E1DA35DD000039C35 /* Runes.framework in Embed Frameworks */ = {isa = PBXBuildFile; fileRef = EA67D0E61D9E53CB00468A92 /* Runes.framework */; settings = {ATTRIBUTES = (CodeSignOnCopy, RemoveHeadersOnCopy, ); }; };
		43D3905F1DA35DD000039C35 /* SVProgressHUD.framework in Frameworks */ = {isa = PBXBuildFile; fileRef = EA67D0E71D9E53CB00468A92 /* SVProgressHUD.framework */; };
		43D390601DA35DD000039C35 /* SVProgressHUD.framework in Embed Frameworks */ = {isa = PBXBuildFile; fileRef = EA67D0E71D9E53CB00468A92 /* SVProgressHUD.framework */; settings = {ATTRIBUTES = (CodeSignOnCopy, RemoveHeadersOnCopy, ); }; };
		43D390611DA35DD000039C35 /* WebImage.framework in Frameworks */ = {isa = PBXBuildFile; fileRef = EA67D0E81D9E53CB00468A92 /* WebImage.framework */; };
		43D390621DA35DD000039C35 /* WebImage.framework in Embed Frameworks */ = {isa = PBXBuildFile; fileRef = EA67D0E81D9E53CB00468A92 /* WebImage.framework */; settings = {ATTRIBUTES = (CodeSignOnCopy, RemoveHeadersOnCopy, ); }; };
		43D390741DA7A45400039C35 /* ReactiveCocoaBindings.swift in Sources */ = {isa = PBXBuildFile; fileRef = 43D390721DA7A45400039C35 /* ReactiveCocoaBindings.swift */; };
		43D390751DA7A45400039C35 /* String+Base64.swift in Sources */ = {isa = PBXBuildFile; fileRef = 43D390731DA7A45400039C35 /* String+Base64.swift */; };
		43D390791DA7A46500039C35 /* Reachability.m in Sources */ = {isa = PBXBuildFile; fileRef = 43D390781DA7A46500039C35 /* Reachability.m */; };
		EA67D0D01D9E4D0B00468A92 /* AppDelegate.swift in Sources */ = {isa = PBXBuildFile; fileRef = EA67D0CF1D9E4D0B00468A92 /* AppDelegate.swift */; };
		EA67D0D21D9E4D0B00468A92 /* ViewController.swift in Sources */ = {isa = PBXBuildFile; fileRef = EA67D0D11D9E4D0B00468A92 /* ViewController.swift */; };
		EA67D0D51D9E4D0B00468A92 /* Main.storyboard in Resources */ = {isa = PBXBuildFile; fileRef = EA67D0D31D9E4D0B00468A92 /* Main.storyboard */; };
		EA67D0D71D9E4D0B00468A92 /* Assets.xcassets in Resources */ = {isa = PBXBuildFile; fileRef = EA67D0D61D9E4D0B00468A92 /* Assets.xcassets */; };
		EA67D0DA1D9E4D0B00468A92 /* LaunchScreen.storyboard in Resources */ = {isa = PBXBuildFile; fileRef = EA67D0D81D9E4D0B00468A92 /* LaunchScreen.storyboard */; };
		EA67D0E91D9E53CB00468A92 /* Alamofire.framework in Frameworks */ = {isa = PBXBuildFile; fileRef = EA67D0E11D9E53CB00468A92 /* Alamofire.framework */; };
		EA67D0EA1D9E53CB00468A92 /* Dollar.framework in Frameworks */ = {isa = PBXBuildFile; fileRef = EA67D0E21D9E53CB00468A92 /* Dollar.framework */; };
		EA67D0EB1D9E53CB00468A92 /* Prelude.framework in Frameworks */ = {isa = PBXBuildFile; fileRef = EA67D0E31D9E53CB00468A92 /* Prelude.framework */; };
		EA67D0EC1D9E53CB00468A92 /* ReactiveCocoa.framework in Frameworks */ = {isa = PBXBuildFile; fileRef = EA67D0E41D9E53CB00468A92 /* ReactiveCocoa.framework */; settings = {ATTRIBUTES = (Required, ); }; };
		EA67D0ED1D9E53CB00468A92 /* Result.framework in Frameworks */ = {isa = PBXBuildFile; fileRef = EA67D0E51D9E53CB00468A92 /* Result.framework */; };
		EA67D0EE1D9E53CB00468A92 /* Runes.framework in Frameworks */ = {isa = PBXBuildFile; fileRef = EA67D0E61D9E53CB00468A92 /* Runes.framework */; };
		EA67D0EF1D9E53CB00468A92 /* SVProgressHUD.framework in Frameworks */ = {isa = PBXBuildFile; fileRef = EA67D0E71D9E53CB00468A92 /* SVProgressHUD.framework */; };
		EA67D0F01D9E53CB00468A92 /* WebImage.framework in Frameworks */ = {isa = PBXBuildFile; fileRef = EA67D0E81D9E53CB00468A92 /* WebImage.framework */; };
/* End PBXBuildFile section */

/* Begin PBXCopyFilesBuildPhase section */
		43D390631DA35DD000039C35 /* Embed Frameworks */ = {
			isa = PBXCopyFilesBuildPhase;
			buildActionMask = 2147483647;
			dstPath = "";
			dstSubfolderSpec = 10;
			files = (
				43D390601DA35DD000039C35 /* SVProgressHUD.framework in Embed Frameworks */,
				43D390561DA35DD000039C35 /* Dollar.framework in Embed Frameworks */,
				43D390581DA35DD000039C35 /* Prelude.framework in Embed Frameworks */,
				43D3905C1DA35DD000039C35 /* Result.framework in Embed Frameworks */,
				43D390541DA35DD000039C35 /* Alamofire.framework in Embed Frameworks */,
				43D3905E1DA35DD000039C35 /* Runes.framework in Embed Frameworks */,
				43D3905A1DA35DD000039C35 /* ReactiveCocoa.framework in Embed Frameworks */,
				43D390621DA35DD000039C35 /* WebImage.framework in Embed Frameworks */,
			);
			name = "Embed Frameworks";
			runOnlyForDeploymentPostprocessing = 0;
		};
/* End PBXCopyFilesBuildPhase section */

/* Begin PBXFileReference section */
		43B2C8F11DA7BF6E004FA849 /* Medhorizon-Bridging.h */ = {isa = PBXFileReference; lastKnownFileType = sourcecode.c.h; path = "Medhorizon-Bridging.h"; sourceTree = "<group>"; };
		43B2C91D1DA7C124004FA849 /* MJRefreshAutoFooter.h */ = {isa = PBXFileReference; fileEncoding = 4; lastKnownFileType = sourcecode.c.h; path = MJRefreshAutoFooter.h; sourceTree = "<group>"; };
		43B2C91E1DA7C124004FA849 /* MJRefreshAutoFooter.m */ = {isa = PBXFileReference; fileEncoding = 4; lastKnownFileType = sourcecode.c.objc; path = MJRefreshAutoFooter.m; sourceTree = "<group>"; };
		43B2C91F1DA7C124004FA849 /* MJRefreshBackFooter.h */ = {isa = PBXFileReference; fileEncoding = 4; lastKnownFileType = sourcecode.c.h; path = MJRefreshBackFooter.h; sourceTree = "<group>"; };
		43B2C9201DA7C124004FA849 /* MJRefreshBackFooter.m */ = {isa = PBXFileReference; fileEncoding = 4; lastKnownFileType = sourcecode.c.objc; path = MJRefreshBackFooter.m; sourceTree = "<group>"; };
		43B2C9211DA7C124004FA849 /* MJRefreshComponent.h */ = {isa = PBXFileReference; fileEncoding = 4; lastKnownFileType = sourcecode.c.h; path = MJRefreshComponent.h; sourceTree = "<group>"; };
		43B2C9221DA7C124004FA849 /* MJRefreshComponent.m */ = {isa = PBXFileReference; fileEncoding = 4; lastKnownFileType = sourcecode.c.objc; path = MJRefreshComponent.m; sourceTree = "<group>"; };
		43B2C9231DA7C124004FA849 /* MJRefreshFooter.h */ = {isa = PBXFileReference; fileEncoding = 4; lastKnownFileType = sourcecode.c.h; path = MJRefreshFooter.h; sourceTree = "<group>"; };
		43B2C9241DA7C124004FA849 /* MJRefreshFooter.m */ = {isa = PBXFileReference; fileEncoding = 4; lastKnownFileType = sourcecode.c.objc; path = MJRefreshFooter.m; sourceTree = "<group>"; };
		43B2C9251DA7C124004FA849 /* MJRefreshHeader.h */ = {isa = PBXFileReference; fileEncoding = 4; lastKnownFileType = sourcecode.c.h; path = MJRefreshHeader.h; sourceTree = "<group>"; };
		43B2C9261DA7C124004FA849 /* MJRefreshHeader.m */ = {isa = PBXFileReference; fileEncoding = 4; lastKnownFileType = sourcecode.c.objc; path = MJRefreshHeader.m; sourceTree = "<group>"; };
		43B2C92A1DA7C124004FA849 /* MJRefreshAutoGifFooter.h */ = {isa = PBXFileReference; fileEncoding = 4; lastKnownFileType = sourcecode.c.h; path = MJRefreshAutoGifFooter.h; sourceTree = "<group>"; };
		43B2C92B1DA7C124004FA849 /* MJRefreshAutoGifFooter.m */ = {isa = PBXFileReference; fileEncoding = 4; lastKnownFileType = sourcecode.c.objc; path = MJRefreshAutoGifFooter.m; sourceTree = "<group>"; };
		43B2C92C1DA7C124004FA849 /* MJRefreshAutoNormalFooter.h */ = {isa = PBXFileReference; fileEncoding = 4; lastKnownFileType = sourcecode.c.h; path = MJRefreshAutoNormalFooter.h; sourceTree = "<group>"; };
		43B2C92D1DA7C124004FA849 /* MJRefreshAutoNormalFooter.m */ = {isa = PBXFileReference; fileEncoding = 4; lastKnownFileType = sourcecode.c.objc; path = MJRefreshAutoNormalFooter.m; sourceTree = "<group>"; };
		43B2C92E1DA7C124004FA849 /* MJRefreshAutoStateFooter.h */ = {isa = PBXFileReference; fileEncoding = 4; lastKnownFileType = sourcecode.c.h; path = MJRefreshAutoStateFooter.h; sourceTree = "<group>"; };
		43B2C92F1DA7C124004FA849 /* MJRefreshAutoStateFooter.m */ = {isa = PBXFileReference; fileEncoding = 4; lastKnownFileType = sourcecode.c.objc; path = MJRefreshAutoStateFooter.m; sourceTree = "<group>"; };
		43B2C9311DA7C124004FA849 /* MJRefreshBackGifFooter.h */ = {isa = PBXFileReference; fileEncoding = 4; lastKnownFileType = sourcecode.c.h; path = MJRefreshBackGifFooter.h; sourceTree = "<group>"; };
		43B2C9321DA7C124004FA849 /* MJRefreshBackGifFooter.m */ = {isa = PBXFileReference; fileEncoding = 4; lastKnownFileType = sourcecode.c.objc; path = MJRefreshBackGifFooter.m; sourceTree = "<group>"; };
		43B2C9331DA7C124004FA849 /* MJRefreshBackNormalFooter.h */ = {isa = PBXFileReference; fileEncoding = 4; lastKnownFileType = sourcecode.c.h; path = MJRefreshBackNormalFooter.h; sourceTree = "<group>"; };
		43B2C9341DA7C124004FA849 /* MJRefreshBackNormalFooter.m */ = {isa = PBXFileReference; fileEncoding = 4; lastKnownFileType = sourcecode.c.objc; path = MJRefreshBackNormalFooter.m; sourceTree = "<group>"; };
		43B2C9351DA7C124004FA849 /* MJRefreshBackStateFooter.h */ = {isa = PBXFileReference; fileEncoding = 4; lastKnownFileType = sourcecode.c.h; path = MJRefreshBackStateFooter.h; sourceTree = "<group>"; };
		43B2C9361DA7C124004FA849 /* MJRefreshBackStateFooter.m */ = {isa = PBXFileReference; fileEncoding = 4; lastKnownFileType = sourcecode.c.objc; path = MJRefreshBackStateFooter.m; sourceTree = "<group>"; };
		43B2C9381DA7C124004FA849 /* MJRefreshGifHeader.h */ = {isa = PBXFileReference; fileEncoding = 4; lastKnownFileType = sourcecode.c.h; path = MJRefreshGifHeader.h; sourceTree = "<group>"; };
		43B2C9391DA7C124004FA849 /* MJRefreshGifHeader.m */ = {isa = PBXFileReference; fileEncoding = 4; lastKnownFileType = sourcecode.c.objc; path = MJRefreshGifHeader.m; sourceTree = "<group>"; };
		43B2C93A1DA7C124004FA849 /* MJRefreshNormalHeader.h */ = {isa = PBXFileReference; fileEncoding = 4; lastKnownFileType = sourcecode.c.h; path = MJRefreshNormalHeader.h; sourceTree = "<group>"; };
		43B2C93B1DA7C124004FA849 /* MJRefreshNormalHeader.m */ = {isa = PBXFileReference; fileEncoding = 4; lastKnownFileType = sourcecode.c.objc; path = MJRefreshNormalHeader.m; sourceTree = "<group>"; };
		43B2C93C1DA7C124004FA849 /* MJRefreshStateHeader.h */ = {isa = PBXFileReference; fileEncoding = 4; lastKnownFileType = sourcecode.c.h; path = MJRefreshStateHeader.h; sourceTree = "<group>"; };
		43B2C93D1DA7C124004FA849 /* MJRefreshStateHeader.m */ = {isa = PBXFileReference; fileEncoding = 4; lastKnownFileType = sourcecode.c.objc; path = MJRefreshStateHeader.m; sourceTree = "<group>"; };
		43B2C93E1DA7C124004FA849 /* MJRefresh.bundle */ = {isa = PBXFileReference; lastKnownFileType = "wrapper.plug-in"; path = MJRefresh.bundle; sourceTree = "<group>"; };
		43B2C93F1DA7C124004FA849 /* MJRefresh.h */ = {isa = PBXFileReference; fileEncoding = 4; lastKnownFileType = sourcecode.c.h; path = MJRefresh.h; sourceTree = "<group>"; };
		43B2C9401DA7C124004FA849 /* MJRefreshConst.h */ = {isa = PBXFileReference; fileEncoding = 4; lastKnownFileType = sourcecode.c.h; path = MJRefreshConst.h; sourceTree = "<group>"; };
		43B2C9411DA7C124004FA849 /* MJRefreshConst.m */ = {isa = PBXFileReference; fileEncoding = 4; lastKnownFileType = sourcecode.c.objc; path = MJRefreshConst.m; sourceTree = "<group>"; };
		43B2C9421DA7C124004FA849 /* NSBundle+MJRefresh.h */ = {isa = PBXFileReference; fileEncoding = 4; lastKnownFileType = sourcecode.c.h; path = "NSBundle+MJRefresh.h"; sourceTree = "<group>"; };
		43B2C9431DA7C124004FA849 /* NSBundle+MJRefresh.m */ = {isa = PBXFileReference; fileEncoding = 4; lastKnownFileType = sourcecode.c.objc; path = "NSBundle+MJRefresh.m"; sourceTree = "<group>"; };
		43B2C9441DA7C124004FA849 /* UIScrollView+MJExtension.h */ = {isa = PBXFileReference; fileEncoding = 4; lastKnownFileType = sourcecode.c.h; path = "UIScrollView+MJExtension.h"; sourceTree = "<group>"; };
		43B2C9451DA7C124004FA849 /* UIScrollView+MJExtension.m */ = {isa = PBXFileReference; fileEncoding = 4; lastKnownFileType = sourcecode.c.objc; path = "UIScrollView+MJExtension.m"; sourceTree = "<group>"; };
		43B2C9461DA7C124004FA849 /* UIScrollView+MJRefresh.h */ = {isa = PBXFileReference; fileEncoding = 4; lastKnownFileType = sourcecode.c.h; path = "UIScrollView+MJRefresh.h"; sourceTree = "<group>"; };
		43B2C9471DA7C124004FA849 /* UIScrollView+MJRefresh.m */ = {isa = PBXFileReference; fileEncoding = 4; lastKnownFileType = sourcecode.c.objc; path = "UIScrollView+MJRefresh.m"; sourceTree = "<group>"; };
		43B2C9481DA7C124004FA849 /* UIView+MJExtension.h */ = {isa = PBXFileReference; fileEncoding = 4; lastKnownFileType = sourcecode.c.h; path = "UIView+MJExtension.h"; sourceTree = "<group>"; };
		43B2C9491DA7C124004FA849 /* UIView+MJExtension.m */ = {isa = PBXFileReference; fileEncoding = 4; lastKnownFileType = sourcecode.c.objc; path = "UIView+MJExtension.m"; sourceTree = "<group>"; };
		43B2C95F1DA7C139004FA849 /* UIView+Toast.h */ = {isa = PBXFileReference; fileEncoding = 4; lastKnownFileType = sourcecode.c.h; path = "UIView+Toast.h"; sourceTree = "<group>"; };
		43B2C9601DA7C139004FA849 /* UIView+Toast.m */ = {isa = PBXFileReference; fileEncoding = 4; lastKnownFileType = sourcecode.c.objc; path = "UIView+Toast.m"; sourceTree = "<group>"; };
		43B2C9641DA7C2AB004FA849 /* IQNSArray+Sort.swift */ = {isa = PBXFileReference; fileEncoding = 4; lastKnownFileType = sourcecode.swift; path = "IQNSArray+Sort.swift"; sourceTree = "<group>"; };
		43B2C9651DA7C2AB004FA849 /* IQUIScrollView+Additions.swift */ = {isa = PBXFileReference; fileEncoding = 4; lastKnownFileType = sourcecode.swift; path = "IQUIScrollView+Additions.swift"; sourceTree = "<group>"; };
		43B2C9661DA7C2AB004FA849 /* IQUITextFieldView+Additions.swift */ = {isa = PBXFileReference; fileEncoding = 4; lastKnownFileType = sourcecode.swift; path = "IQUITextFieldView+Additions.swift"; sourceTree = "<group>"; };
		43B2C9671DA7C2AB004FA849 /* IQUIView+Hierarchy.swift */ = {isa = PBXFileReference; fileEncoding = 4; lastKnownFileType = sourcecode.swift; path = "IQUIView+Hierarchy.swift"; sourceTree = "<group>"; };
		43B2C9681DA7C2AB004FA849 /* IQUIViewController+Additions.swift */ = {isa = PBXFileReference; fileEncoding = 4; lastKnownFileType = sourcecode.swift; path = "IQUIViewController+Additions.swift"; sourceTree = "<group>"; };
		43B2C9691DA7C2AB004FA849 /* IQUIWindow+Hierarchy.swift */ = {isa = PBXFileReference; fileEncoding = 4; lastKnownFileType = sourcecode.swift; path = "IQUIWindow+Hierarchy.swift"; sourceTree = "<group>"; };
		43B2C96B1DA7C2AB004FA849 /* IQKeyboardManagerConstants.swift */ = {isa = PBXFileReference; fileEncoding = 4; lastKnownFileType = sourcecode.swift; path = IQKeyboardManagerConstants.swift; sourceTree = "<group>"; };
		43B2C96C1DA7C2AB004FA849 /* IQKeyboardManagerConstantsInternal.swift */ = {isa = PBXFileReference; fileEncoding = 4; lastKnownFileType = sourcecode.swift; path = IQKeyboardManagerConstantsInternal.swift; sourceTree = "<group>"; };
		43B2C96D1DA7C2AB004FA849 /* IQKeyboardManager.swift */ = {isa = PBXFileReference; fileEncoding = 4; lastKnownFileType = sourcecode.swift; path = IQKeyboardManager.swift; sourceTree = "<group>"; };
		43B2C96E1DA7C2AB004FA849 /* IQKeyboardManagerSwift.h */ = {isa = PBXFileReference; fileEncoding = 4; lastKnownFileType = sourcecode.c.h; path = IQKeyboardManagerSwift.h; sourceTree = "<group>"; };
		43B2C96F1DA7C2AB004FA849 /* IQKeyboardReturnKeyHandler.swift */ = {isa = PBXFileReference; fileEncoding = 4; lastKnownFileType = sourcecode.swift; path = IQKeyboardReturnKeyHandler.swift; sourceTree = "<group>"; };
		43B2C9711DA7C2AB004FA849 /* IQTextView.swift */ = {isa = PBXFileReference; fileEncoding = 4; lastKnownFileType = sourcecode.swift; path = IQTextView.swift; sourceTree = "<group>"; };
		43B2C9731DA7C2AB004FA849 /* IQBarButtonItem.swift */ = {isa = PBXFileReference; fileEncoding = 4; lastKnownFileType = sourcecode.swift; path = IQBarButtonItem.swift; sourceTree = "<group>"; };
		43B2C9741DA7C2AB004FA849 /* IQPreviousNextView.swift */ = {isa = PBXFileReference; fileEncoding = 4; lastKnownFileType = sourcecode.swift; path = IQPreviousNextView.swift; sourceTree = "<group>"; };
		43B2C9751DA7C2AB004FA849 /* IQTitleBarButtonItem.swift */ = {isa = PBXFileReference; fileEncoding = 4; lastKnownFileType = sourcecode.swift; path = IQTitleBarButtonItem.swift; sourceTree = "<group>"; };
		43B2C9761DA7C2AB004FA849 /* IQToolbar.swift */ = {isa = PBXFileReference; fileEncoding = 4; lastKnownFileType = sourcecode.swift; path = IQToolbar.swift; sourceTree = "<group>"; };
		43B2C9771DA7C2AB004FA849 /* IQUIView+IQKeyboardToolbar.swift */ = {isa = PBXFileReference; fileEncoding = 4; lastKnownFileType = sourcecode.swift; path = "IQUIView+IQKeyboardToolbar.swift"; sourceTree = "<group>"; };
		43B2C9791DA7C2AB004FA849 /* IQKeyboardManager.bundle */ = {isa = PBXFileReference; lastKnownFileType = "wrapper.plug-in"; path = IQKeyboardManager.bundle; sourceTree = "<group>"; };
		43D390721DA7A45400039C35 /* ReactiveCocoaBindings.swift */ = {isa = PBXFileReference; fileEncoding = 4; lastKnownFileType = sourcecode.swift; path = ReactiveCocoaBindings.swift; sourceTree = "<group>"; };
		43D390731DA7A45400039C35 /* String+Base64.swift */ = {isa = PBXFileReference; fileEncoding = 4; lastKnownFileType = sourcecode.swift; path = "String+Base64.swift"; sourceTree = "<group>"; };
		43D390771DA7A46500039C35 /* Reachability.h */ = {isa = PBXFileReference; fileEncoding = 4; lastKnownFileType = sourcecode.c.h; path = Reachability.h; sourceTree = "<group>"; };
		43D390781DA7A46500039C35 /* Reachability.m */ = {isa = PBXFileReference; fileEncoding = 4; lastKnownFileType = sourcecode.c.objc; path = Reachability.m; sourceTree = "<group>"; };
		EA67D0CC1D9E4D0B00468A92 /* Medhorizon.app */ = {isa = PBXFileReference; explicitFileType = wrapper.application; includeInIndex = 0; path = Medhorizon.app; sourceTree = BUILT_PRODUCTS_DIR; };
		EA67D0CF1D9E4D0B00468A92 /* AppDelegate.swift */ = {isa = PBXFileReference; lastKnownFileType = sourcecode.swift; path = AppDelegate.swift; sourceTree = "<group>"; };
		EA67D0D11D9E4D0B00468A92 /* ViewController.swift */ = {isa = PBXFileReference; lastKnownFileType = sourcecode.swift; path = ViewController.swift; sourceTree = "<group>"; };
		EA67D0D41D9E4D0B00468A92 /* Base */ = {isa = PBXFileReference; lastKnownFileType = file.storyboard; name = Base; path = Base.lproj/Main.storyboard; sourceTree = "<group>"; };
		EA67D0D61D9E4D0B00468A92 /* Assets.xcassets */ = {isa = PBXFileReference; lastKnownFileType = folder.assetcatalog; path = Assets.xcassets; sourceTree = "<group>"; };
		EA67D0D91D9E4D0B00468A92 /* Base */ = {isa = PBXFileReference; lastKnownFileType = file.storyboard; name = Base; path = Base.lproj/LaunchScreen.storyboard; sourceTree = "<group>"; };
		EA67D0DB1D9E4D0B00468A92 /* Info.plist */ = {isa = PBXFileReference; lastKnownFileType = text.plist.xml; path = Info.plist; sourceTree = "<group>"; };
		EA67D0E11D9E53CB00468A92 /* Alamofire.framework */ = {isa = PBXFileReference; lastKnownFileType = wrapper.framework; name = Alamofire.framework; path = Carthage/Build/iOS/Alamofire.framework; sourceTree = "<group>"; };
		EA67D0E21D9E53CB00468A92 /* Dollar.framework */ = {isa = PBXFileReference; lastKnownFileType = wrapper.framework; name = Dollar.framework; path = Carthage/Build/iOS/Dollar.framework; sourceTree = "<group>"; };
		EA67D0E31D9E53CB00468A92 /* Prelude.framework */ = {isa = PBXFileReference; lastKnownFileType = wrapper.framework; name = Prelude.framework; path = Carthage/Build/iOS/Prelude.framework; sourceTree = "<group>"; };
		EA67D0E41D9E53CB00468A92 /* ReactiveCocoa.framework */ = {isa = PBXFileReference; lastKnownFileType = wrapper.framework; name = ReactiveCocoa.framework; path = Carthage/Build/iOS/ReactiveCocoa.framework; sourceTree = "<group>"; };
		EA67D0E51D9E53CB00468A92 /* Result.framework */ = {isa = PBXFileReference; lastKnownFileType = wrapper.framework; name = Result.framework; path = Carthage/Build/iOS/Result.framework; sourceTree = "<group>"; };
		EA67D0E61D9E53CB00468A92 /* Runes.framework */ = {isa = PBXFileReference; lastKnownFileType = wrapper.framework; name = Runes.framework; path = Carthage/Build/iOS/Runes.framework; sourceTree = "<group>"; };
		EA67D0E71D9E53CB00468A92 /* SVProgressHUD.framework */ = {isa = PBXFileReference; lastKnownFileType = wrapper.framework; name = SVProgressHUD.framework; path = Carthage/Build/iOS/SVProgressHUD.framework; sourceTree = "<group>"; };
		EA67D0E81D9E53CB00468A92 /* WebImage.framework */ = {isa = PBXFileReference; lastKnownFileType = wrapper.framework; name = WebImage.framework; path = Carthage/Build/iOS/WebImage.framework; sourceTree = "<group>"; };
/* End PBXFileReference section */

/* Begin PBXFrameworksBuildPhase section */
		EA67D0C91D9E4D0B00468A92 /* Frameworks */ = {
			isa = PBXFrameworksBuildPhase;
			buildActionMask = 2147483647;
			files = (
				EA67D0E91D9E53CB00468A92 /* Alamofire.framework in Frameworks */,
				43D390531DA35DD000039C35 /* Alamofire.framework in Frameworks */,
				43D390551DA35DD000039C35 /* Dollar.framework in Frameworks */,
				EA67D0EA1D9E53CB00468A92 /* Dollar.framework in Frameworks */,
				EA67D0EB1D9E53CB00468A92 /* Prelude.framework in Frameworks */,
				EA67D0EC1D9E53CB00468A92 /* ReactiveCocoa.framework in Frameworks */,
				43D3905F1DA35DD000039C35 /* SVProgressHUD.framework in Frameworks */,
				43D3905D1DA35DD000039C35 /* Runes.framework in Frameworks */,
				43D390571DA35DD000039C35 /* Prelude.framework in Frameworks */,
				43D3905B1DA35DD000039C35 /* Result.framework in Frameworks */,
				43D390591DA35DD000039C35 /* ReactiveCocoa.framework in Frameworks */,
				EA67D0ED1D9E53CB00468A92 /* Result.framework in Frameworks */,
				EA67D0EE1D9E53CB00468A92 /* Runes.framework in Frameworks */,
				EA67D0EF1D9E53CB00468A92 /* SVProgressHUD.framework in Frameworks */,
				EA67D0F01D9E53CB00468A92 /* WebImage.framework in Frameworks */,
				43D390611DA35DD000039C35 /* WebImage.framework in Frameworks */,
			);
			runOnlyForDeploymentPostprocessing = 0;
		};
/* End PBXFrameworksBuildPhase section */

/* Begin PBXGroup section */
		43B2C91B1DA7C124004FA849 /* MJRefresh */ = {
			isa = PBXGroup;
			children = (
				43B2C91C1DA7C124004FA849 /* Base */,
				43B2C9271DA7C124004FA849 /* Custom */,
				43B2C93E1DA7C124004FA849 /* MJRefresh.bundle */,
				43B2C93F1DA7C124004FA849 /* MJRefresh.h */,
				43B2C9401DA7C124004FA849 /* MJRefreshConst.h */,
				43B2C9411DA7C124004FA849 /* MJRefreshConst.m */,
				43B2C9421DA7C124004FA849 /* NSBundle+MJRefresh.h */,
				43B2C9431DA7C124004FA849 /* NSBundle+MJRefresh.m */,
				43B2C9441DA7C124004FA849 /* UIScrollView+MJExtension.h */,
				43B2C9451DA7C124004FA849 /* UIScrollView+MJExtension.m */,
				43B2C9461DA7C124004FA849 /* UIScrollView+MJRefresh.h */,
				43B2C9471DA7C124004FA849 /* UIScrollView+MJRefresh.m */,
				43B2C9481DA7C124004FA849 /* UIView+MJExtension.h */,
				43B2C9491DA7C124004FA849 /* UIView+MJExtension.m */,
			);
			path = MJRefresh;
			sourceTree = "<group>";
		};
		43B2C91C1DA7C124004FA849 /* Base */ = {
			isa = PBXGroup;
			children = (
				43B2C91D1DA7C124004FA849 /* MJRefreshAutoFooter.h */,
				43B2C91E1DA7C124004FA849 /* MJRefreshAutoFooter.m */,
				43B2C91F1DA7C124004FA849 /* MJRefreshBackFooter.h */,
				43B2C9201DA7C124004FA849 /* MJRefreshBackFooter.m */,
				43B2C9211DA7C124004FA849 /* MJRefreshComponent.h */,
				43B2C9221DA7C124004FA849 /* MJRefreshComponent.m */,
				43B2C9231DA7C124004FA849 /* MJRefreshFooter.h */,
				43B2C9241DA7C124004FA849 /* MJRefreshFooter.m */,
				43B2C9251DA7C124004FA849 /* MJRefreshHeader.h */,
				43B2C9261DA7C124004FA849 /* MJRefreshHeader.m */,
			);
			path = Base;
			sourceTree = "<group>";
		};
		43B2C9271DA7C124004FA849 /* Custom */ = {
			isa = PBXGroup;
			children = (
				43B2C9281DA7C124004FA849 /* Footer */,
				43B2C9371DA7C124004FA849 /* Header */,
			);
			path = Custom;
			sourceTree = "<group>";
		};
		43B2C9281DA7C124004FA849 /* Footer */ = {
			isa = PBXGroup;
			children = (
				43B2C9291DA7C124004FA849 /* Auto */,
				43B2C9301DA7C124004FA849 /* Back */,
			);
			path = Footer;
			sourceTree = "<group>";
		};
		43B2C9291DA7C124004FA849 /* Auto */ = {
			isa = PBXGroup;
			children = (
				43B2C92A1DA7C124004FA849 /* MJRefreshAutoGifFooter.h */,
				43B2C92B1DA7C124004FA849 /* MJRefreshAutoGifFooter.m */,
				43B2C92C1DA7C124004FA849 /* MJRefreshAutoNormalFooter.h */,
				43B2C92D1DA7C124004FA849 /* MJRefreshAutoNormalFooter.m */,
				43B2C92E1DA7C124004FA849 /* MJRefreshAutoStateFooter.h */,
				43B2C92F1DA7C124004FA849 /* MJRefreshAutoStateFooter.m */,
			);
			path = Auto;
			sourceTree = "<group>";
		};
		43B2C9301DA7C124004FA849 /* Back */ = {
			isa = PBXGroup;
			children = (
				43B2C9311DA7C124004FA849 /* MJRefreshBackGifFooter.h */,
				43B2C9321DA7C124004FA849 /* MJRefreshBackGifFooter.m */,
				43B2C9331DA7C124004FA849 /* MJRefreshBackNormalFooter.h */,
				43B2C9341DA7C124004FA849 /* MJRefreshBackNormalFooter.m */,
				43B2C9351DA7C124004FA849 /* MJRefreshBackStateFooter.h */,
				43B2C9361DA7C124004FA849 /* MJRefreshBackStateFooter.m */,
			);
			path = Back;
			sourceTree = "<group>";
		};
		43B2C9371DA7C124004FA849 /* Header */ = {
			isa = PBXGroup;
			children = (
				43B2C9381DA7C124004FA849 /* MJRefreshGifHeader.h */,
				43B2C9391DA7C124004FA849 /* MJRefreshGifHeader.m */,
				43B2C93A1DA7C124004FA849 /* MJRefreshNormalHeader.h */,
				43B2C93B1DA7C124004FA849 /* MJRefreshNormalHeader.m */,
				43B2C93C1DA7C124004FA849 /* MJRefreshStateHeader.h */,
				43B2C93D1DA7C124004FA849 /* MJRefreshStateHeader.m */,
			);
			path = Header;
			sourceTree = "<group>";
		};
		43B2C95E1DA7C139004FA849 /* Toast */ = {
			isa = PBXGroup;
			children = (
				43B2C95F1DA7C139004FA849 /* UIView+Toast.h */,
				43B2C9601DA7C139004FA849 /* UIView+Toast.m */,
			);
			path = Toast;
			sourceTree = "<group>";
		};
		43B2C9621DA7C2AB004FA849 /* IQKeyboardManagerSwift */ = {
			isa = PBXGroup;
			children = (
				43B2C9631DA7C2AB004FA849 /* Categories */,
				43B2C96A1DA7C2AB004FA849 /* Constants */,
				43B2C96D1DA7C2AB004FA849 /* IQKeyboardManager.swift */,
				43B2C96E1DA7C2AB004FA849 /* IQKeyboardManagerSwift.h */,
				43B2C96F1DA7C2AB004FA849 /* IQKeyboardReturnKeyHandler.swift */,
				43B2C9701DA7C2AB004FA849 /* IQTextView */,
				43B2C9721DA7C2AB004FA849 /* IQToolbar */,
				43B2C9781DA7C2AB004FA849 /* Resources */,
			);
			path = IQKeyboardManagerSwift;
			sourceTree = "<group>";
		};
		43B2C9631DA7C2AB004FA849 /* Categories */ = {
			isa = PBXGroup;
			children = (
				43B2C9641DA7C2AB004FA849 /* IQNSArray+Sort.swift */,
				43B2C9651DA7C2AB004FA849 /* IQUIScrollView+Additions.swift */,
				43B2C9661DA7C2AB004FA849 /* IQUITextFieldView+Additions.swift */,
				43B2C9671DA7C2AB004FA849 /* IQUIView+Hierarchy.swift */,
				43B2C9681DA7C2AB004FA849 /* IQUIViewController+Additions.swift */,
				43B2C9691DA7C2AB004FA849 /* IQUIWindow+Hierarchy.swift */,
			);
			path = Categories;
			sourceTree = "<group>";
		};
		43B2C96A1DA7C2AB004FA849 /* Constants */ = {
			isa = PBXGroup;
			children = (
				43B2C96B1DA7C2AB004FA849 /* IQKeyboardManagerConstants.swift */,
				43B2C96C1DA7C2AB004FA849 /* IQKeyboardManagerConstantsInternal.swift */,
			);
			path = Constants;
			sourceTree = "<group>";
		};
		43B2C9701DA7C2AB004FA849 /* IQTextView */ = {
			isa = PBXGroup;
			children = (
				43B2C9711DA7C2AB004FA849 /* IQTextView.swift */,
			);
			path = IQTextView;
			sourceTree = "<group>";
		};
		43B2C9721DA7C2AB004FA849 /* IQToolbar */ = {
			isa = PBXGroup;
			children = (
				43B2C9731DA7C2AB004FA849 /* IQBarButtonItem.swift */,
				43B2C9741DA7C2AB004FA849 /* IQPreviousNextView.swift */,
				43B2C9751DA7C2AB004FA849 /* IQTitleBarButtonItem.swift */,
				43B2C9761DA7C2AB004FA849 /* IQToolbar.swift */,
				43B2C9771DA7C2AB004FA849 /* IQUIView+IQKeyboardToolbar.swift */,
			);
			path = IQToolbar;
			sourceTree = "<group>";
		};
		43B2C9781DA7C2AB004FA849 /* Resources */ = {
			isa = PBXGroup;
			children = (
				43B2C9791DA7C2AB004FA849 /* IQKeyboardManager.bundle */,
			);
			path = Resources;
			sourceTree = "<group>";
		};
		43D3906D1DA7A40200039C35 /* Common */ = {
			isa = PBXGroup;
			children = (
			);
			path = Common;
			sourceTree = "<group>";
		};
		43D3906E1DA7A40200039C35 /* Network */ = {
			isa = PBXGroup;
			children = (
			);
			path = Network;
			sourceTree = "<group>";
		};
		43D3906F1DA7A40200039C35 /* Utilities */ = {
			isa = PBXGroup;
			children = (
				43D3907A1DA7A51000039C35 /* UIExtension */,
				43D390721DA7A45400039C35 /* ReactiveCocoaBindings.swift */,
				43D390731DA7A45400039C35 /* String+Base64.swift */,
			);
			path = Utilities;
			sourceTree = "<group>";
		};
		43D390701DA7A40200039C35 /* Vendor */ = {
			isa = PBXGroup;
			children = (
				43B2C9621DA7C2AB004FA849 /* IQKeyboardManagerSwift */,
				43B2C95E1DA7C139004FA849 /* Toast */,
				43B2C91B1DA7C124004FA849 /* MJRefresh */,
				43D390761DA7A46500039C35 /* AppleReachability */,
			);
			path = Vendor;
			sourceTree = "<group>";
		};
		43D390711DA7A40200039C35 /* ViewControllers */ = {
			isa = PBXGroup;
			children = (
			);
			path = ViewControllers;
			sourceTree = "<group>";
		};
		43D390761DA7A46500039C35 /* AppleReachability */ = {
			isa = PBXGroup;
			children = (
				43D390771DA7A46500039C35 /* Reachability.h */,
				43D390781DA7A46500039C35 /* Reachability.m */,
			);
			path = AppleReachability;
			sourceTree = "<group>";
		};
		43D3907A1DA7A51000039C35 /* UIExtension */ = {
			isa = PBXGroup;
			children = (
			);
			path = UIExtension;
			sourceTree = "<group>";
		};
		EA67D0C31D9E4D0B00468A92 = {
			isa = PBXGroup;
			children = (
				EA67D0CE1D9E4D0B00468A92 /* Medhorizon */,
				EA67D0F11D9E53E000468A92 /* Frameworks */,
				EA67D0CD1D9E4D0B00468A92 /* Products */,
			);
			sourceTree = "<group>";
		};
		EA67D0CD1D9E4D0B00468A92 /* Products */ = {
			isa = PBXGroup;
			children = (
				EA67D0CC1D9E4D0B00468A92 /* Medhorizon.app */,
			);
			name = Products;
			sourceTree = "<group>";
		};
		EA67D0CE1D9E4D0B00468A92 /* Medhorizon */ = {
			isa = PBXGroup;
			children = (
				43D3906D1DA7A40200039C35 /* Common */,
				43D3906E1DA7A40200039C35 /* Network */,
				43D3906F1DA7A40200039C35 /* Utilities */,
				43D390701DA7A40200039C35 /* Vendor */,
				43D390711DA7A40200039C35 /* ViewControllers */,
				EA67D0CF1D9E4D0B00468A92 /* AppDelegate.swift */,
				EA67D0D11D9E4D0B00468A92 /* ViewController.swift */,
				43B2C8F11DA7BF6E004FA849 /* Medhorizon-Bridging.h */,
				EA67D0D31D9E4D0B00468A92 /* Main.storyboard */,
				EA67D0D61D9E4D0B00468A92 /* Assets.xcassets */,
				EA67D0D81D9E4D0B00468A92 /* LaunchScreen.storyboard */,
				EA67D0DB1D9E4D0B00468A92 /* Info.plist */,
			);
			path = Medhorizon;
			sourceTree = "<group>";
		};
		EA67D0F11D9E53E000468A92 /* Frameworks */ = {
			isa = PBXGroup;
			children = (
				EA67D0E11D9E53CB00468A92 /* Alamofire.framework */,
				EA67D0E21D9E53CB00468A92 /* Dollar.framework */,
				EA67D0E31D9E53CB00468A92 /* Prelude.framework */,
				EA67D0E41D9E53CB00468A92 /* ReactiveCocoa.framework */,
				EA67D0E51D9E53CB00468A92 /* Result.framework */,
				EA67D0E61D9E53CB00468A92 /* Runes.framework */,
				EA67D0E71D9E53CB00468A92 /* SVProgressHUD.framework */,
				EA67D0E81D9E53CB00468A92 /* WebImage.framework */,
			);
			name = Frameworks;
			sourceTree = "<group>";
		};
/* End PBXGroup section */

/* Begin PBXNativeTarget section */
		EA67D0CB1D9E4D0B00468A92 /* Medhorizon */ = {
			isa = PBXNativeTarget;
			buildConfigurationList = EA67D0DE1D9E4D0B00468A92 /* Build configuration list for PBXNativeTarget "Medhorizon" */;
			buildPhases = (
				EA67D0C81D9E4D0B00468A92 /* Sources */,
				EA67D0C91D9E4D0B00468A92 /* Frameworks */,
				EA67D0CA1D9E4D0B00468A92 /* Resources */,
				43D390631DA35DD000039C35 /* Embed Frameworks */,
			);
			buildRules = (
			);
			dependencies = (
			);
			name = Medhorizon;
			productName = Medhorizon;
			productReference = EA67D0CC1D9E4D0B00468A92 /* Medhorizon.app */;
			productType = "com.apple.product-type.application";
		};
/* End PBXNativeTarget section */

/* Begin PBXProject section */
		EA67D0C41D9E4D0B00468A92 /* Project object */ = {
			isa = PBXProject;
			attributes = {
				LastSwiftUpdateCheck = 0730;
				LastUpgradeCheck = 0730;
				ORGANIZATIONNAME = changchun;
				TargetAttributes = {
					EA67D0CB1D9E4D0B00468A92 = {
						CreatedOnToolsVersion = 7.3;
					};
				};
			};
			buildConfigurationList = EA67D0C71D9E4D0B00468A92 /* Build configuration list for PBXProject "Medhorizon" */;
			compatibilityVersion = "Xcode 3.2";
			developmentRegion = English;
			hasScannedForEncodings = 0;
			knownRegions = (
				en,
				Base,
			);
			mainGroup = EA67D0C31D9E4D0B00468A92;
			productRefGroup = EA67D0CD1D9E4D0B00468A92 /* Products */;
			projectDirPath = "";
			projectRoot = "";
			targets = (
				EA67D0CB1D9E4D0B00468A92 /* Medhorizon */,
			);
		};
/* End PBXProject section */

/* Begin PBXResourcesBuildPhase section */
		EA67D0CA1D9E4D0B00468A92 /* Resources */ = {
			isa = PBXResourcesBuildPhase;
			buildActionMask = 2147483647;
			files = (
				43B2C98A1DA7C2AB004FA849 /* IQKeyboardManager.bundle in Resources */,
				EA67D0DA1D9E4D0B00468A92 /* LaunchScreen.storyboard in Resources */,
				EA67D0D71D9E4D0B00468A92 /* Assets.xcassets in Resources */,
				43B2C9581DA7C124004FA849 /* MJRefresh.bundle in Resources */,
				EA67D0D51D9E4D0B00468A92 /* Main.storyboard in Resources */,
			);
			runOnlyForDeploymentPostprocessing = 0;
		};
/* End PBXResourcesBuildPhase section */

/* Begin PBXSourcesBuildPhase section */
		EA67D0C81D9E4D0B00468A92 /* Sources */ = {
			isa = PBXSourcesBuildPhase;
			buildActionMask = 2147483647;
			files = (
				43B2C94F1DA7C124004FA849 /* MJRefreshAutoGifFooter.m in Sources */,
				EA67D0D21D9E4D0B00468A92 /* ViewController.swift in Sources */,
				43D390751DA7A45400039C35 /* String+Base64.swift in Sources */,
				43B2C9501DA7C124004FA849 /* MJRefreshAutoNormalFooter.m in Sources */,
				43B2C97A1DA7C2AB004FA849 /* IQNSArray+Sort.swift in Sources */,
				43B2C95A1DA7C124004FA849 /* NSBundle+MJRefresh.m in Sources */,
				43B2C95C1DA7C124004FA849 /* UIScrollView+MJRefresh.m in Sources */,
				43B2C95B1DA7C124004FA849 /* UIScrollView+MJExtension.m in Sources */,
				43B2C9531DA7C124004FA849 /* MJRefreshBackNormalFooter.m in Sources */,
				43B2C9851DA7C2AB004FA849 /* IQBarButtonItem.swift in Sources */,
				43B2C94C1DA7C124004FA849 /* MJRefreshComponent.m in Sources */,
				43B2C9611DA7C139004FA849 /* UIView+Toast.m in Sources */,
				43B2C9561DA7C124004FA849 /* MJRefreshNormalHeader.m in Sources */,
				43B2C97E1DA7C2AB004FA849 /* IQUIViewController+Additions.swift in Sources */,
				43B2C9521DA7C124004FA849 /* MJRefreshBackGifFooter.m in Sources */,
				43B2C9871DA7C2AB004FA849 /* IQTitleBarButtonItem.swift in Sources */,
				43B2C9811DA7C2AB004FA849 /* IQKeyboardManagerConstantsInternal.swift in Sources */,
				43B2C94A1DA7C124004FA849 /* MJRefreshAutoFooter.m in Sources */,
				43B2C9831DA7C2AB004FA849 /* IQKeyboardReturnKeyHandler.swift in Sources */,
				43D390741DA7A45400039C35 /* ReactiveCocoaBindings.swift in Sources */,
				43B2C94B1DA7C124004FA849 /* MJRefreshBackFooter.m in Sources */,
				43B2C97D1DA7C2AB004FA849 /* IQUIView+Hierarchy.swift in Sources */,
				43B2C9551DA7C124004FA849 /* MJRefreshGifHeader.m in Sources */,
				43B2C9881DA7C2AB004FA849 /* IQToolbar.swift in Sources */,
				43B2C9861DA7C2AB004FA849 /* IQPreviousNextView.swift in Sources */,
				43B2C97F1DA7C2AB004FA849 /* IQUIWindow+Hierarchy.swift in Sources */,
				43B2C9891DA7C2AB004FA849 /* IQUIView+IQKeyboardToolbar.swift in Sources */,
				43B2C97B1DA7C2AB004FA849 /* IQUIScrollView+Additions.swift in Sources */,
				43B2C9511DA7C124004FA849 /* MJRefreshAutoStateFooter.m in Sources */,
				EA67D0D01D9E4D0B00468A92 /* AppDelegate.swift in Sources */,
				43B2C95D1DA7C124004FA849 /* UIView+MJExtension.m in Sources */,
				43B2C94E1DA7C124004FA849 /* MJRefreshHeader.m in Sources */,
				43B2C9571DA7C124004FA849 /* MJRefreshStateHeader.m in Sources */,
				43B2C9541DA7C124004FA849 /* MJRefreshBackStateFooter.m in Sources */,
				43B2C9841DA7C2AB004FA849 /* IQTextView.swift in Sources */,
				43B2C9821DA7C2AB004FA849 /* IQKeyboardManager.swift in Sources */,
				43B2C9591DA7C124004FA849 /* MJRefreshConst.m in Sources */,
				43B2C9801DA7C2AB004FA849 /* IQKeyboardManagerConstants.swift in Sources */,
				43D390791DA7A46500039C35 /* Reachability.m in Sources */,
				43B2C97C1DA7C2AB004FA849 /* IQUITextFieldView+Additions.swift in Sources */,
				43B2C94D1DA7C124004FA849 /* MJRefreshFooter.m in Sources */,
			);
			runOnlyForDeploymentPostprocessing = 0;
		};
/* End PBXSourcesBuildPhase section */

/* Begin PBXVariantGroup section */
		EA67D0D31D9E4D0B00468A92 /* Main.storyboard */ = {
			isa = PBXVariantGroup;
			children = (
				EA67D0D41D9E4D0B00468A92 /* Base */,
			);
			name = Main.storyboard;
			sourceTree = "<group>";
		};
		EA67D0D81D9E4D0B00468A92 /* LaunchScreen.storyboard */ = {
			isa = PBXVariantGroup;
			children = (
				EA67D0D91D9E4D0B00468A92 /* Base */,
			);
			name = LaunchScreen.storyboard;
			sourceTree = "<group>";
		};
/* End PBXVariantGroup section */

/* Begin XCBuildConfiguration section */
		EA67D0DC1D9E4D0B00468A92 /* Debug */ = {
			isa = XCBuildConfiguration;
			buildSettings = {
				ALWAYS_SEARCH_USER_PATHS = NO;
				CLANG_ANALYZER_NONNULL = YES;
				CLANG_CXX_LANGUAGE_STANDARD = "gnu++0x";
				CLANG_CXX_LIBRARY = "libc++";
				CLANG_ENABLE_MODULES = YES;
				CLANG_ENABLE_OBJC_ARC = YES;
				CLANG_WARN_BOOL_CONVERSION = YES;
				CLANG_WARN_CONSTANT_CONVERSION = YES;
				CLANG_WARN_DIRECT_OBJC_ISA_USAGE = YES_ERROR;
				CLANG_WARN_EMPTY_BODY = YES;
				CLANG_WARN_ENUM_CONVERSION = YES;
				CLANG_WARN_INT_CONVERSION = YES;
				CLANG_WARN_OBJC_ROOT_CLASS = YES_ERROR;
				CLANG_WARN_UNREACHABLE_CODE = YES;
				CLANG_WARN__DUPLICATE_METHOD_MATCH = YES;
				"CODE_SIGN_IDENTITY[sdk=iphoneos*]" = "iPhone Developer";
				COPY_PHASE_STRIP = NO;
				DEBUG_INFORMATION_FORMAT = dwarf;
				ENABLE_STRICT_OBJC_MSGSEND = YES;
				ENABLE_TESTABILITY = YES;
				GCC_C_LANGUAGE_STANDARD = gnu99;
				GCC_DYNAMIC_NO_PIC = NO;
				GCC_NO_COMMON_BLOCKS = YES;
				GCC_OPTIMIZATION_LEVEL = 0;
				GCC_PREPROCESSOR_DEFINITIONS = (
					"DEBUG=1",
					"$(inherited)",
				);
				GCC_WARN_64_TO_32_BIT_CONVERSION = YES;
				GCC_WARN_ABOUT_RETURN_TYPE = YES_ERROR;
				GCC_WARN_UNDECLARED_SELECTOR = YES;
				GCC_WARN_UNINITIALIZED_AUTOS = YES_AGGRESSIVE;
				GCC_WARN_UNUSED_FUNCTION = YES;
				GCC_WARN_UNUSED_VARIABLE = YES;
				IPHONEOS_DEPLOYMENT_TARGET = 9.3;
				MTL_ENABLE_DEBUG_INFO = YES;
				ONLY_ACTIVE_ARCH = YES;
				SDKROOT = iphoneos;
				SWIFT_OPTIMIZATION_LEVEL = "-Onone";
				TARGETED_DEVICE_FAMILY = "1,2";
			};
			name = Debug;
		};
		EA67D0DD1D9E4D0B00468A92 /* Release */ = {
			isa = XCBuildConfiguration;
			buildSettings = {
				ALWAYS_SEARCH_USER_PATHS = NO;
				CLANG_ANALYZER_NONNULL = YES;
				CLANG_CXX_LANGUAGE_STANDARD = "gnu++0x";
				CLANG_CXX_LIBRARY = "libc++";
				CLANG_ENABLE_MODULES = YES;
				CLANG_ENABLE_OBJC_ARC = YES;
				CLANG_WARN_BOOL_CONVERSION = YES;
				CLANG_WARN_CONSTANT_CONVERSION = YES;
				CLANG_WARN_DIRECT_OBJC_ISA_USAGE = YES_ERROR;
				CLANG_WARN_EMPTY_BODY = YES;
				CLANG_WARN_ENUM_CONVERSION = YES;
				CLANG_WARN_INT_CONVERSION = YES;
				CLANG_WARN_OBJC_ROOT_CLASS = YES_ERROR;
				CLANG_WARN_UNREACHABLE_CODE = YES;
				CLANG_WARN__DUPLICATE_METHOD_MATCH = YES;
				"CODE_SIGN_IDENTITY[sdk=iphoneos*]" = "iPhone Developer";
				COPY_PHASE_STRIP = NO;
				DEBUG_INFORMATION_FORMAT = "dwarf-with-dsym";
				ENABLE_NS_ASSERTIONS = NO;
				ENABLE_STRICT_OBJC_MSGSEND = YES;
				GCC_C_LANGUAGE_STANDARD = gnu99;
				GCC_NO_COMMON_BLOCKS = YES;
				GCC_WARN_64_TO_32_BIT_CONVERSION = YES;
				GCC_WARN_ABOUT_RETURN_TYPE = YES_ERROR;
				GCC_WARN_UNDECLARED_SELECTOR = YES;
				GCC_WARN_UNINITIALIZED_AUTOS = YES_AGGRESSIVE;
				GCC_WARN_UNUSED_FUNCTION = YES;
				GCC_WARN_UNUSED_VARIABLE = YES;
				IPHONEOS_DEPLOYMENT_TARGET = 9.3;
				MTL_ENABLE_DEBUG_INFO = NO;
				SDKROOT = iphoneos;
				TARGETED_DEVICE_FAMILY = "1,2";
				VALIDATE_PRODUCT = YES;
			};
			name = Release;
		};
		EA67D0DF1D9E4D0B00468A92 /* Debug */ = {
			isa = XCBuildConfiguration;
			buildSettings = {
				ASSETCATALOG_COMPILER_APPICON_NAME = AppIcon;
				FRAMEWORK_SEARCH_PATHS = (
					"$(inherited)",
					"$(PROJECT_DIR)/Carthage/Build/iOS",
				);
				INFOPLIST_FILE = Medhorizon/Info.plist;
				IPHONEOS_DEPLOYMENT_TARGET = 8.0;
				LD_RUNPATH_SEARCH_PATHS = "$(inherited) @executable_path/Frameworks";
				PRODUCT_BUNDLE_IDENTIFIER = com.changchun.Medhorizon;
				PRODUCT_NAME = "$(TARGET_NAME)";
				SWIFT_OBJC_BRIDGING_HEADER = "Medhorizon/Medhorizon-Bridging.h";
			};
			name = Debug;
		};
		EA67D0E01D9E4D0B00468A92 /* Release */ = {
			isa = XCBuildConfiguration;
			buildSettings = {
				ASSETCATALOG_COMPILER_APPICON_NAME = AppIcon;
				FRAMEWORK_SEARCH_PATHS = (
					"$(inherited)",
					"$(PROJECT_DIR)/Carthage/Build/iOS",
				);
				INFOPLIST_FILE = Medhorizon/Info.plist;
				IPHONEOS_DEPLOYMENT_TARGET = 8.0;
				LD_RUNPATH_SEARCH_PATHS = "$(inherited) @executable_path/Frameworks";
				PRODUCT_BUNDLE_IDENTIFIER = com.changchun.Medhorizon;
				PRODUCT_NAME = "$(TARGET_NAME)";
				SWIFT_OBJC_BRIDGING_HEADER = "Medhorizon/Medhorizon-Bridging.h";
			};
			name = Release;
		};
/* End XCBuildConfiguration section */

/* Begin XCConfigurationList section */
		EA67D0C71D9E4D0B00468A92 /* Build configuration list for PBXProject "Medhorizon" */ = {
			isa = XCConfigurationList;
			buildConfigurations = (
				EA67D0DC1D9E4D0B00468A92 /* Debug */,
				EA67D0DD1D9E4D0B00468A92 /* Release */,
			);
			defaultConfigurationIsVisible = 0;
			defaultConfigurationName = Release;
		};
		EA67D0DE1D9E4D0B00468A92 /* Build configuration list for PBXNativeTarget "Medhorizon" */ = {
			isa = XCConfigurationList;
			buildConfigurations = (
				EA67D0DF1D9E4D0B00468A92 /* Debug */,
				EA67D0E01D9E4D0B00468A92 /* Release */,
			);
			defaultConfigurationIsVisible = 0;
			defaultConfigurationName = Release;
		};
/* End XCConfigurationList section */
	};
	rootObject = EA67D0C41D9E4D0B00468A92 /* Project object */;
}
