// !$*UTF8*$!
{
	archiveVersion = 1;
	classes = {
	};
	objectVersion = 46;
	objects = {

/* Begin PBXBuildFile section */
		43714A771DAA7FD100BD68C5 /* AppInfo.swift in Sources */ = {isa = PBXBuildFile; fileRef = 43714A761DAA7FD100BD68C5 /* AppInfo.swift */; };
		43714A791DABD5E200BD68C5 /* NewsListTableViewCell.swift in Sources */ = {isa = PBXBuildFile; fileRef = 43714A781DABD5E200BD68C5 /* NewsListTableViewCell.swift */; };
		43714A851DAD377D00BD68C5 /* MeetingListTableViewCell.swift in Sources */ = {isa = PBXBuildFile; fileRef = 43714A841DAD377D00BD68C5 /* MeetingListTableViewCell.swift */; };
		43714A871DAD379500BD68C5 /* MeetingListViewController.swift in Sources */ = {isa = PBXBuildFile; fileRef = 43714A861DAD379500BD68C5 /* MeetingListViewController.swift */; };
		43714A891DAD382D00BD68C5 /* MeetingListViewModel.swift in Sources */ = {isa = PBXBuildFile; fileRef = 43714A881DAD382D00BD68C5 /* MeetingListViewModel.swift */; };
		43714A8C1DAD3D8400BD68C5 /* DocumentListViewController.swift in Sources */ = {isa = PBXBuildFile; fileRef = 43714A8B1DAD3D8400BD68C5 /* DocumentListViewController.swift */; };
		43714A8F1DAE8E6200BD68C5 /* WorldListViewController.swift in Sources */ = {isa = PBXBuildFile; fileRef = 43714A8E1DAE8E6200BD68C5 /* WorldListViewController.swift */; };
		43714A911DAE900400BD68C5 /* CoursewareChooseView.swift in Sources */ = {isa = PBXBuildFile; fileRef = 43714A901DAE900400BD68C5 /* CoursewareChooseView.swift */; };
		43714A931DAFDC6800BD68C5 /* WorldDetailViewController.swift in Sources */ = {isa = PBXBuildFile; fileRef = 43714A921DAFDC6800BD68C5 /* WorldDetailViewController.swift */; };
		43714A951DAFE93900BD68C5 /* WorldDetailTableViewCell.swift in Sources */ = {isa = PBXBuildFile; fileRef = 43714A941DAFE93900BD68C5 /* WorldDetailTableViewCell.swift */; };
		43B2C94A1DA7C124004FA849 /* MJRefreshAutoFooter.m in Sources */ = {isa = PBXBuildFile; fileRef = 43B2C91E1DA7C124004FA849 /* MJRefreshAutoFooter.m */; };
		43B2C94B1DA7C124004FA849 /* MJRefreshBackFooter.m in Sources */ = {isa = PBXBuildFile; fileRef = 43B2C9201DA7C124004FA849 /* MJRefreshBackFooter.m */; };
		43B2C94C1DA7C124004FA849 /* MJRefreshComponent.m in Sources */ = {isa = PBXBuildFile; fileRef = 43B2C9221DA7C124004FA849 /* MJRefreshComponent.m */; };
		43B2C94D1DA7C124004FA849 /* MJRefreshFooter.m in Sources */ = {isa = PBXBuildFile; fileRef = 43B2C9241DA7C124004FA849 /* MJRefreshFooter.m */; };
		43B2C94E1DA7C124004FA849 /* MJRefreshHeader.m in Sources */ = {isa = PBXBuildFile; fileRef = 43B2C9261DA7C124004FA849 /* MJRefreshHeader.m */; };
		43B2C94F1DA7C124004FA849 /* MJRefreshAutoGifFooter.m in Sources */ = {isa = PBXBuildFile; fileRef = 43B2C92B1DA7C124004FA849 /* MJRefreshAutoGifFooter.m */; };
		43B2C9501DA7C124004FA849 /* MJRefreshAutoNormalFooter.m in Sources */ = {isa = PBXBuildFile; fileRef = 43B2C92D1DA7C124004FA849 /* MJRefreshAutoNormalFooter.m */; };
		43B2C9511DA7C124004FA849 /* MJRefreshAutoStateFooter.m in Sources */ = {isa = PBXBuildFile; fileRef = 43B2C92F1DA7C124004FA849 /* MJRefreshAutoStateFooter.m */; };
		43B2C9521DA7C124004FA849 /* MJRefreshBackGifFooter.m in Sources */ = {isa = PBXBuildFile; fileRef = 43B2C9321DA7C124004FA849 /* MJRefreshBackGifFooter.m */; };
		43B2C9531DA7C124004FA849 /* MJRefreshBackNormalFooter.m in Sources */ = {isa = PBXBuildFile; fileRef = 43B2C9341DA7C124004FA849 /* MJRefreshBackNormalFooter.m */; };
		43B2C9541DA7C124004FA849 /* MJRefreshBackStateFooter.m in Sources */ = {isa = PBXBuildFile; fileRef = 43B2C9361DA7C124004FA849 /* MJRefreshBackStateFooter.m */; };
		43B2C9551DA7C124004FA849 /* MJRefreshGifHeader.m in Sources */ = {isa = PBXBuildFile; fileRef = 43B2C9391DA7C124004FA849 /* MJRefreshGifHeader.m */; };
		43B2C9561DA7C124004FA849 /* MJRefreshNormalHeader.m in Sources */ = {isa = PBXBuildFile; fileRef = 43B2C93B1DA7C124004FA849 /* MJRefreshNormalHeader.m */; };
		43B2C9571DA7C124004FA849 /* MJRefreshStateHeader.m in Sources */ = {isa = PBXBuildFile; fileRef = 43B2C93D1DA7C124004FA849 /* MJRefreshStateHeader.m */; };
		43B2C9581DA7C124004FA849 /* MJRefresh.bundle in Resources */ = {isa = PBXBuildFile; fileRef = 43B2C93E1DA7C124004FA849 /* MJRefresh.bundle */; };
		43B2C9591DA7C124004FA849 /* MJRefreshConst.m in Sources */ = {isa = PBXBuildFile; fileRef = 43B2C9411DA7C124004FA849 /* MJRefreshConst.m */; };
		43B2C95A1DA7C124004FA849 /* NSBundle+MJRefresh.m in Sources */ = {isa = PBXBuildFile; fileRef = 43B2C9431DA7C124004FA849 /* NSBundle+MJRefresh.m */; };
		43B2C95B1DA7C124004FA849 /* UIScrollView+MJExtension.m in Sources */ = {isa = PBXBuildFile; fileRef = 43B2C9451DA7C124004FA849 /* UIScrollView+MJExtension.m */; };
		43B2C95C1DA7C124004FA849 /* UIScrollView+MJRefresh.m in Sources */ = {isa = PBXBuildFile; fileRef = 43B2C9471DA7C124004FA849 /* UIScrollView+MJRefresh.m */; };
		43B2C95D1DA7C124004FA849 /* UIView+MJExtension.m in Sources */ = {isa = PBXBuildFile; fileRef = 43B2C9491DA7C124004FA849 /* UIView+MJExtension.m */; };
		43B2C9611DA7C139004FA849 /* UIView+Toast.m in Sources */ = {isa = PBXBuildFile; fileRef = 43B2C9601DA7C139004FA849 /* UIView+Toast.m */; };
		43B2C97A1DA7C2AB004FA849 /* IQNSArray+Sort.swift in Sources */ = {isa = PBXBuildFile; fileRef = 43B2C9641DA7C2AB004FA849 /* IQNSArray+Sort.swift */; };
		43B2C97B1DA7C2AB004FA849 /* IQUIScrollView+Additions.swift in Sources */ = {isa = PBXBuildFile; fileRef = 43B2C9651DA7C2AB004FA849 /* IQUIScrollView+Additions.swift */; };
		43B2C97C1DA7C2AB004FA849 /* IQUITextFieldView+Additions.swift in Sources */ = {isa = PBXBuildFile; fileRef = 43B2C9661DA7C2AB004FA849 /* IQUITextFieldView+Additions.swift */; };
		43B2C97D1DA7C2AB004FA849 /* IQUIView+Hierarchy.swift in Sources */ = {isa = PBXBuildFile; fileRef = 43B2C9671DA7C2AB004FA849 /* IQUIView+Hierarchy.swift */; };
		43B2C97E1DA7C2AB004FA849 /* IQUIViewController+Additions.swift in Sources */ = {isa = PBXBuildFile; fileRef = 43B2C9681DA7C2AB004FA849 /* IQUIViewController+Additions.swift */; };
		43B2C97F1DA7C2AB004FA849 /* IQUIWindow+Hierarchy.swift in Sources */ = {isa = PBXBuildFile; fileRef = 43B2C9691DA7C2AB004FA849 /* IQUIWindow+Hierarchy.swift */; };
		43B2C9801DA7C2AB004FA849 /* IQKeyboardManagerConstants.swift in Sources */ = {isa = PBXBuildFile; fileRef = 43B2C96B1DA7C2AB004FA849 /* IQKeyboardManagerConstants.swift */; };
		43B2C9811DA7C2AB004FA849 /* IQKeyboardManagerConstantsInternal.swift in Sources */ = {isa = PBXBuildFile; fileRef = 43B2C96C1DA7C2AB004FA849 /* IQKeyboardManagerConstantsInternal.swift */; };
		43B2C9821DA7C2AB004FA849 /* IQKeyboardManager.swift in Sources */ = {isa = PBXBuildFile; fileRef = 43B2C96D1DA7C2AB004FA849 /* IQKeyboardManager.swift */; };
		43B2C9831DA7C2AB004FA849 /* IQKeyboardReturnKeyHandler.swift in Sources */ = {isa = PBXBuildFile; fileRef = 43B2C96F1DA7C2AB004FA849 /* IQKeyboardReturnKeyHandler.swift */; };
		43B2C9841DA7C2AB004FA849 /* IQTextView.swift in Sources */ = {isa = PBXBuildFile; fileRef = 43B2C9711DA7C2AB004FA849 /* IQTextView.swift */; };
		43B2C9851DA7C2AB004FA849 /* IQBarButtonItem.swift in Sources */ = {isa = PBXBuildFile; fileRef = 43B2C9731DA7C2AB004FA849 /* IQBarButtonItem.swift */; };
		43B2C9861DA7C2AB004FA849 /* IQPreviousNextView.swift in Sources */ = {isa = PBXBuildFile; fileRef = 43B2C9741DA7C2AB004FA849 /* IQPreviousNextView.swift */; };
		43B2C9871DA7C2AB004FA849 /* IQTitleBarButtonItem.swift in Sources */ = {isa = PBXBuildFile; fileRef = 43B2C9751DA7C2AB004FA849 /* IQTitleBarButtonItem.swift */; };
		43B2C9881DA7C2AB004FA849 /* IQToolbar.swift in Sources */ = {isa = PBXBuildFile; fileRef = 43B2C9761DA7C2AB004FA849 /* IQToolbar.swift */; };
		43B2C9891DA7C2AB004FA849 /* IQUIView+IQKeyboardToolbar.swift in Sources */ = {isa = PBXBuildFile; fileRef = 43B2C9771DA7C2AB004FA849 /* IQUIView+IQKeyboardToolbar.swift */; };
		43B2C98A1DA7C2AB004FA849 /* IQKeyboardManager.bundle in Resources */ = {isa = PBXBuildFile; fileRef = 43B2C9791DA7C2AB004FA849 /* IQKeyboardManager.bundle */; };
		43D390531DA35DD000039C35 /* Alamofire.framework in Frameworks */ = {isa = PBXBuildFile; fileRef = EA67D0E11D9E53CB00468A92 /* Alamofire.framework */; };
		43D390541DA35DD000039C35 /* Alamofire.framework in Embed Frameworks */ = {isa = PBXBuildFile; fileRef = EA67D0E11D9E53CB00468A92 /* Alamofire.framework */; settings = {ATTRIBUTES = (CodeSignOnCopy, RemoveHeadersOnCopy, ); }; };
		43D390551DA35DD000039C35 /* Dollar.framework in Frameworks */ = {isa = PBXBuildFile; fileRef = EA67D0E21D9E53CB00468A92 /* Dollar.framework */; };
		43D390561DA35DD000039C35 /* Dollar.framework in Embed Frameworks */ = {isa = PBXBuildFile; fileRef = EA67D0E21D9E53CB00468A92 /* Dollar.framework */; settings = {ATTRIBUTES = (CodeSignOnCopy, RemoveHeadersOnCopy, ); }; };
		43D390571DA35DD000039C35 /* Prelude.framework in Frameworks */ = {isa = PBXBuildFile; fileRef = EA67D0E31D9E53CB00468A92 /* Prelude.framework */; };
		43D390581DA35DD000039C35 /* Prelude.framework in Embed Frameworks */ = {isa = PBXBuildFile; fileRef = EA67D0E31D9E53CB00468A92 /* Prelude.framework */; settings = {ATTRIBUTES = (CodeSignOnCopy, RemoveHeadersOnCopy, ); }; };
		43D390591DA35DD000039C35 /* ReactiveCocoa.framework in Frameworks */ = {isa = PBXBuildFile; fileRef = EA67D0E41D9E53CB00468A92 /* ReactiveCocoa.framework */; };
		43D3905A1DA35DD000039C35 /* ReactiveCocoa.framework in Embed Frameworks */ = {isa = PBXBuildFile; fileRef = EA67D0E41D9E53CB00468A92 /* ReactiveCocoa.framework */; settings = {ATTRIBUTES = (CodeSignOnCopy, RemoveHeadersOnCopy, ); }; };
		43D3905B1DA35DD000039C35 /* Result.framework in Frameworks */ = {isa = PBXBuildFile; fileRef = EA67D0E51D9E53CB00468A92 /* Result.framework */; };
		43D3905C1DA35DD000039C35 /* Result.framework in Embed Frameworks */ = {isa = PBXBuildFile; fileRef = EA67D0E51D9E53CB00468A92 /* Result.framework */; settings = {ATTRIBUTES = (CodeSignOnCopy, RemoveHeadersOnCopy, ); }; };
		43D3905D1DA35DD000039C35 /* Runes.framework in Frameworks */ = {isa = PBXBuildFile; fileRef = EA67D0E61D9E53CB00468A92 /* Runes.framework */; };
		43D3905E1DA35DD000039C35 /* Runes.framework in Embed Frameworks */ = {isa = PBXBuildFile; fileRef = EA67D0E61D9E53CB00468A92 /* Runes.framework */; settings = {ATTRIBUTES = (CodeSignOnCopy, RemoveHeadersOnCopy, ); }; };
		43D3905F1DA35DD000039C35 /* SVProgressHUD.framework in Frameworks */ = {isa = PBXBuildFile; fileRef = EA67D0E71D9E53CB00468A92 /* SVProgressHUD.framework */; };
		43D390601DA35DD000039C35 /* SVProgressHUD.framework in Embed Frameworks */ = {isa = PBXBuildFile; fileRef = EA67D0E71D9E53CB00468A92 /* SVProgressHUD.framework */; settings = {ATTRIBUTES = (CodeSignOnCopy, RemoveHeadersOnCopy, ); }; };
		43D390611DA35DD000039C35 /* WebImage.framework in Frameworks */ = {isa = PBXBuildFile; fileRef = EA67D0E81D9E53CB00468A92 /* WebImage.framework */; };
		43D390621DA35DD000039C35 /* WebImage.framework in Embed Frameworks */ = {isa = PBXBuildFile; fileRef = EA67D0E81D9E53CB00468A92 /* WebImage.framework */; settings = {ATTRIBUTES = (CodeSignOnCopy, RemoveHeadersOnCopy, ); }; };
		43D390741DA7A45400039C35 /* ReactiveCocoaBindings.swift in Sources */ = {isa = PBXBuildFile; fileRef = 43D390721DA7A45400039C35 /* ReactiveCocoaBindings.swift */; };
		43D390751DA7A45400039C35 /* String+Base64.swift in Sources */ = {isa = PBXBuildFile; fileRef = 43D390731DA7A45400039C35 /* String+Base64.swift */; };
		43D390791DA7A46500039C35 /* Reachability.m in Sources */ = {isa = PBXBuildFile; fileRef = 43D390781DA7A46500039C35 /* Reachability.m */; };
		EA22F00A1DAF4A2E00FFBEE6 /* WorldListViewModel.swift in Sources */ = {isa = PBXBuildFile; fileRef = EA22F0091DAF4A2E00FFBEE6 /* WorldListViewModel.swift */; };
		EA33BB961DA880F300C0BE04 /* AlamofireRACDownload.swift in Sources */ = {isa = PBXBuildFile; fileRef = EA33BB8B1DA880F300C0BE04 /* AlamofireRACDownload.swift */; };
		EA33BB971DA880F300C0BE04 /* AlamofireRACRequestJSON.swift in Sources */ = {isa = PBXBuildFile; fileRef = EA33BB8C1DA880F300C0BE04 /* AlamofireRACRequestJSON.swift */; };
		EA33BB981DA880F300C0BE04 /* AlamofireRACUpload.swift in Sources */ = {isa = PBXBuildFile; fileRef = EA33BB8D1DA880F300C0BE04 /* AlamofireRACUpload.swift */; };
		EA33BB991DA880F300C0BE04 /* HttpHeaders.swift in Sources */ = {isa = PBXBuildFile; fileRef = EA33BB8E1DA880F300C0BE04 /* HttpHeaders.swift */; };
		EA33BB9A1DA880F300C0BE04 /* RACHelpFunctions.swift in Sources */ = {isa = PBXBuildFile; fileRef = EA33BB8F1DA880F300C0BE04 /* RACHelpFunctions.swift */; };
		EA33BB9B1DA880F300C0BE04 /* API.swift in Sources */ = {isa = PBXBuildFile; fileRef = EA33BB911DA880F300C0BE04 /* API.swift */; };
		EA33BBA21DA8819800C0BE04 /* Error.swift in Sources */ = {isa = PBXBuildFile; fileRef = EA33BBA11DA8819800C0BE04 /* Error.swift */; };
		EA33BBA61DA8890900C0BE04 /* DefaultServiceAPI.swift in Sources */ = {isa = PBXBuildFile; fileRef = EA33BBA51DA8890900C0BE04 /* DefaultServiceAPI.swift */; };
		EA33BBA81DA8892600C0BE04 /* ServiceRequest.swift in Sources */ = {isa = PBXBuildFile; fileRef = EA33BBA71DA8892600C0BE04 /* ServiceRequest.swift */; };
		EA33BBBE1DA8B07400C0BE04 /* Storyboard.swift in Sources */ = {isa = PBXBuildFile; fileRef = EA33BBBD1DA8B07400C0BE04 /* Storyboard.swift */; };
		EA33BBC31DA8B1ED00C0BE04 /* TourViewController.swift in Sources */ = {isa = PBXBuildFile; fileRef = EA33BBC21DA8B1ED00C0BE04 /* TourViewController.swift */; };
		EA33BBC51DA8B88200C0BE04 /* MainTabbarViewController.swift in Sources */ = {isa = PBXBuildFile; fileRef = EA33BBC41DA8B88200C0BE04 /* MainTabbarViewController.swift */; };
		EA33BCCA1DA9E7D200C0BE04 /* DepartmentView.swift in Sources */ = {isa = PBXBuildFile; fileRef = EA33BCC91DA9E7D200C0BE04 /* DepartmentView.swift */; };
		EA33BCCC1DA9E93000C0BE04 /* UIExtension.swift in Sources */ = {isa = PBXBuildFile; fileRef = EA33BCCB1DA9E93000C0BE04 /* UIExtension.swift */; };
		EA33BCD01DAA006200C0BE04 /* ViewModel.swift in Sources */ = {isa = PBXBuildFile; fileRef = EA33BCCF1DAA006200C0BE04 /* ViewModel.swift */; };
		EA33BCD21DAA008600C0BE04 /* BaseViewModel.swift in Sources */ = {isa = PBXBuildFile; fileRef = EA33BCD11DAA008600C0BE04 /* BaseViewModel.swift */; };
		EA33BCE61DAB20CC00C0BE04 /* GlobalData.swift in Sources */ = {isa = PBXBuildFile; fileRef = EA33BCE51DAB20CC00C0BE04 /* GlobalData.swift */; };
		EA33BCE91DAB282900C0BE04 /* CoverFlow.swift in Sources */ = {isa = PBXBuildFile; fileRef = EA33BCE81DAB282900C0BE04 /* CoverFlow.swift */; };
		EA33BCEC1DAB2A1E00C0BE04 /* CoverFlowCell.swift in Sources */ = {isa = PBXBuildFile; fileRef = EA33BCEA1DAB2A1E00C0BE04 /* CoverFlowCell.swift */; };
		EA33BCED1DAB2A1E00C0BE04 /* CoverFlowCell.xib in Resources */ = {isa = PBXBuildFile; fileRef = EA33BCEB1DAB2A1E00C0BE04 /* CoverFlowCell.xib */; };
		EA33BCF01DAB3BE200C0BE04 /* NewsViewController.swift in Sources */ = {isa = PBXBuildFile; fileRef = EA33BCEF1DAB3BE200C0BE04 /* NewsViewController.swift */; };
		EA33BCF21DAB549E00C0BE04 /* NewsListViewModel.swift in Sources */ = {isa = PBXBuildFile; fileRef = EA33BCF11DAB549E00C0BE04 /* NewsListViewModel.swift */; };
		EA33BCF41DAC750700C0BE04 /* WebDetailViewController.swift in Sources */ = {isa = PBXBuildFile; fileRef = EA33BCF31DAC750700C0BE04 /* WebDetailViewController.swift */; };
		EA33BCF61DAC782600C0BE04 /* LoginManager.swift in Sources */ = {isa = PBXBuildFile; fileRef = EA33BCF51DAC782600C0BE04 /* LoginManager.swift */; };
		EA33BD4A1DADC8FE00C0BE04 /* DocumentListTableViewCell.swift in Sources */ = {isa = PBXBuildFile; fileRef = EA33BD491DADC8FE00C0BE04 /* DocumentListTableViewCell.swift */; };
		EA33BD4C1DADCFC900C0BE04 /* DownloadManager.swift in Sources */ = {isa = PBXBuildFile; fileRef = EA33BD4B1DADCFC900C0BE04 /* DownloadManager.swift */; };
		EA33BD4E1DADF2D400C0BE04 /* DocumentListViewModel.swift in Sources */ = {isa = PBXBuildFile; fileRef = EA33BD4D1DADF2D400C0BE04 /* DocumentListViewModel.swift */; };
		EA33BD541DADFA4300C0BE04 /* ActionView.swift in Sources */ = {isa = PBXBuildFile; fileRef = EA33BD531DADFA4300C0BE04 /* ActionView.swift */; };
		EA33BE221DAF1B1A00C0BE04 /* WorldListTableViewCell.swift in Sources */ = {isa = PBXBuildFile; fileRef = EA33BE211DAF1B1A00C0BE04 /* WorldListTableViewCell.swift */; };
		EA67D0D01D9E4D0B00468A92 /* AppDelegate.swift in Sources */ = {isa = PBXBuildFile; fileRef = EA67D0CF1D9E4D0B00468A92 /* AppDelegate.swift */; };
		EA67D0D21D9E4D0B00468A92 /* ViewController.swift in Sources */ = {isa = PBXBuildFile; fileRef = EA67D0D11D9E4D0B00468A92 /* ViewController.swift */; };
		EA67D0D51D9E4D0B00468A92 /* Main.storyboard in Resources */ = {isa = PBXBuildFile; fileRef = EA67D0D31D9E4D0B00468A92 /* Main.storyboard */; };
		EA67D0D71D9E4D0B00468A92 /* Assets.xcassets in Resources */ = {isa = PBXBuildFile; fileRef = EA67D0D61D9E4D0B00468A92 /* Assets.xcassets */; };
		EA67D0DA1D9E4D0B00468A92 /* LaunchScreen.storyboard in Resources */ = {isa = PBXBuildFile; fileRef = EA67D0D81D9E4D0B00468A92 /* LaunchScreen.storyboard */; };
		EA67D0E91D9E53CB00468A92 /* Alamofire.framework in Frameworks */ = {isa = PBXBuildFile; fileRef = EA67D0E11D9E53CB00468A92 /* Alamofire.framework */; };
		EA67D0EA1D9E53CB00468A92 /* Dollar.framework in Frameworks */ = {isa = PBXBuildFile; fileRef = EA67D0E21D9E53CB00468A92 /* Dollar.framework */; };
		EA67D0EB1D9E53CB00468A92 /* Prelude.framework in Frameworks */ = {isa = PBXBuildFile; fileRef = EA67D0E31D9E53CB00468A92 /* Prelude.framework */; };
		EA67D0EC1D9E53CB00468A92 /* ReactiveCocoa.framework in Frameworks */ = {isa = PBXBuildFile; fileRef = EA67D0E41D9E53CB00468A92 /* ReactiveCocoa.framework */; settings = {ATTRIBUTES = (Required, ); }; };
		EA67D0ED1D9E53CB00468A92 /* Result.framework in Frameworks */ = {isa = PBXBuildFile; fileRef = EA67D0E51D9E53CB00468A92 /* Result.framework */; };
		EA67D0EE1D9E53CB00468A92 /* Runes.framework in Frameworks */ = {isa = PBXBuildFile; fileRef = EA67D0E61D9E53CB00468A92 /* Runes.framework */; };
		EA67D0EF1D9E53CB00468A92 /* SVProgressHUD.framework in Frameworks */ = {isa = PBXBuildFile; fileRef = EA67D0E71D9E53CB00468A92 /* SVProgressHUD.framework */; };
		EA67D0F01D9E53CB00468A92 /* WebImage.framework in Frameworks */ = {isa = PBXBuildFile; fileRef = EA67D0E81D9E53CB00468A92 /* WebImage.framework */; };
/* End PBXBuildFile section */

/* Begin PBXCopyFilesBuildPhase section */
		43D390631DA35DD000039C35 /* Embed Frameworks */ = {
			isa = PBXCopyFilesBuildPhase;
			buildActionMask = 2147483647;
			dstPath = "";
			dstSubfolderSpec = 10;
			files = (
				43D390601DA35DD000039C35 /* SVProgressHUD.framework in Embed Frameworks */,
				43D390561DA35DD000039C35 /* Dollar.framework in Embed Frameworks */,
				43D390581DA35DD000039C35 /* Prelude.framework in Embed Frameworks */,
				43D3905C1DA35DD000039C35 /* Result.framework in Embed Frameworks */,
				43D390541DA35DD000039C35 /* Alamofire.framework in Embed Frameworks */,
				43D3905E1DA35DD000039C35 /* Runes.framework in Embed Frameworks */,
				43D3905A1DA35DD000039C35 /* ReactiveCocoa.framework in Embed Frameworks */,
				43D390621DA35DD000039C35 /* WebImage.framework in Embed Frameworks */,
			);
			name = "Embed Frameworks";
			runOnlyForDeploymentPostprocessing = 0;
		};
/* End PBXCopyFilesBuildPhase section */

/* Begin PBXFileReference section */
		43714A761DAA7FD100BD68C5 /* AppInfo.swift */ = {isa = PBXFileReference; fileEncoding = 4; lastKnownFileType = sourcecode.swift; path = AppInfo.swift; sourceTree = "<group>"; };
		43714A781DABD5E200BD68C5 /* NewsListTableViewCell.swift */ = {isa = PBXFileReference; fileEncoding = 4; lastKnownFileType = sourcecode.swift; path = NewsListTableViewCell.swift; sourceTree = "<group>"; };
		43714A841DAD377D00BD68C5 /* MeetingListTableViewCell.swift */ = {isa = PBXFileReference; fileEncoding = 4; lastKnownFileType = sourcecode.swift; path = MeetingListTableViewCell.swift; sourceTree = "<group>"; };
		43714A861DAD379500BD68C5 /* MeetingListViewController.swift */ = {isa = PBXFileReference; fileEncoding = 4; lastKnownFileType = sourcecode.swift; path = MeetingListViewController.swift; sourceTree = "<group>"; };
		43714A881DAD382D00BD68C5 /* MeetingListViewModel.swift */ = {isa = PBXFileReference; fileEncoding = 4; lastKnownFileType = sourcecode.swift; path = MeetingListViewModel.swift; sourceTree = "<group>"; };
		43714A8B1DAD3D8400BD68C5 /* DocumentListViewController.swift */ = {isa = PBXFileReference; fileEncoding = 4; lastKnownFileType = sourcecode.swift; path = DocumentListViewController.swift; sourceTree = "<group>"; };
		43714A8E1DAE8E6200BD68C5 /* WorldListViewController.swift */ = {isa = PBXFileReference; fileEncoding = 4; lastKnownFileType = sourcecode.swift; path = WorldListViewController.swift; sourceTree = "<group>"; };
		43714A901DAE900400BD68C5 /* CoursewareChooseView.swift */ = {isa = PBXFileReference; fileEncoding = 4; lastKnownFileType = sourcecode.swift; path = CoursewareChooseView.swift; sourceTree = "<group>"; };
		43714A921DAFDC6800BD68C5 /* WorldDetailViewController.swift */ = {isa = PBXFileReference; fileEncoding = 4; lastKnownFileType = sourcecode.swift; path = WorldDetailViewController.swift; sourceTree = "<group>"; };
		43714A941DAFE93900BD68C5 /* WorldDetailTableViewCell.swift */ = {isa = PBXFileReference; fileEncoding = 4; lastKnownFileType = sourcecode.swift; path = WorldDetailTableViewCell.swift; sourceTree = "<group>"; };
		43B2C8F11DA7BF6E004FA849 /* Medhorizon-Bridging.h */ = {isa = PBXFileReference; lastKnownFileType = sourcecode.c.h; path = "Medhorizon-Bridging.h"; sourceTree = "<group>"; };
		43B2C91D1DA7C124004FA849 /* MJRefreshAutoFooter.h */ = {isa = PBXFileReference; fileEncoding = 4; lastKnownFileType = sourcecode.c.h; path = MJRefreshAutoFooter.h; sourceTree = "<group>"; };
		43B2C91E1DA7C124004FA849 /* MJRefreshAutoFooter.m */ = {isa = PBXFileReference; fileEncoding = 4; lastKnownFileType = sourcecode.c.objc; path = MJRefreshAutoFooter.m; sourceTree = "<group>"; };
		43B2C91F1DA7C124004FA849 /* MJRefreshBackFooter.h */ = {isa = PBXFileReference; fileEncoding = 4; lastKnownFileType = sourcecode.c.h; path = MJRefreshBackFooter.h; sourceTree = "<group>"; };
		43B2C9201DA7C124004FA849 /* MJRefreshBackFooter.m */ = {isa = PBXFileReference; fileEncoding = 4; lastKnownFileType = sourcecode.c.objc; path = MJRefreshBackFooter.m; sourceTree = "<group>"; };
		43B2C9211DA7C124004FA849 /* MJRefreshComponent.h */ = {isa = PBXFileReference; fileEncoding = 4; lastKnownFileType = sourcecode.c.h; path = MJRefreshComponent.h; sourceTree = "<group>"; };
		43B2C9221DA7C124004FA849 /* MJRefreshComponent.m */ = {isa = PBXFileReference; fileEncoding = 4; lastKnownFileType = sourcecode.c.objc; path = MJRefreshComponent.m; sourceTree = "<group>"; };
		43B2C9231DA7C124004FA849 /* MJRefreshFooter.h */ = {isa = PBXFileReference; fileEncoding = 4; lastKnownFileType = sourcecode.c.h; path = MJRefreshFooter.h; sourceTree = "<group>"; };
		43B2C9241DA7C124004FA849 /* MJRefreshFooter.m */ = {isa = PBXFileReference; fileEncoding = 4; lastKnownFileType = sourcecode.c.objc; path = MJRefreshFooter.m; sourceTree = "<group>"; };
		43B2C9251DA7C124004FA849 /* MJRefreshHeader.h */ = {isa = PBXFileReference; fileEncoding = 4; lastKnownFileType = sourcecode.c.h; path = MJRefreshHeader.h; sourceTree = "<group>"; };
		43B2C9261DA7C124004FA849 /* MJRefreshHeader.m */ = {isa = PBXFileReference; fileEncoding = 4; lastKnownFileType = sourcecode.c.objc; path = MJRefreshHeader.m; sourceTree = "<group>"; };
		43B2C92A1DA7C124004FA849 /* MJRefreshAutoGifFooter.h */ = {isa = PBXFileReference; fileEncoding = 4; lastKnownFileType = sourcecode.c.h; path = MJRefreshAutoGifFooter.h; sourceTree = "<group>"; };
		43B2C92B1DA7C124004FA849 /* MJRefreshAutoGifFooter.m */ = {isa = PBXFileReference; fileEncoding = 4; lastKnownFileType = sourcecode.c.objc; path = MJRefreshAutoGifFooter.m; sourceTree = "<group>"; };
		43B2C92C1DA7C124004FA849 /* MJRefreshAutoNormalFooter.h */ = {isa = PBXFileReference; fileEncoding = 4; lastKnownFileType = sourcecode.c.h; path = MJRefreshAutoNormalFooter.h; sourceTree = "<group>"; };
		43B2C92D1DA7C124004FA849 /* MJRefreshAutoNormalFooter.m */ = {isa = PBXFileReference; fileEncoding = 4; lastKnownFileType = sourcecode.c.objc; path = MJRefreshAutoNormalFooter.m; sourceTree = "<group>"; };
		43B2C92E1DA7C124004FA849 /* MJRefreshAutoStateFooter.h */ = {isa = PBXFileReference; fileEncoding = 4; lastKnownFileType = sourcecode.c.h; path = MJRefreshAutoStateFooter.h; sourceTree = "<group>"; };
		43B2C92F1DA7C124004FA849 /* MJRefreshAutoStateFooter.m */ = {isa = PBXFileReference; fileEncoding = 4; lastKnownFileType = sourcecode.c.objc; path = MJRefreshAutoStateFooter.m; sourceTree = "<group>"; };
		43B2C9311DA7C124004FA849 /* MJRefreshBackGifFooter.h */ = {isa = PBXFileReference; fileEncoding = 4; lastKnownFileType = sourcecode.c.h; path = MJRefreshBackGifFooter.h; sourceTree = "<group>"; };
		43B2C9321DA7C124004FA849 /* MJRefreshBackGifFooter.m */ = {isa = PBXFileReference; fileEncoding = 4; lastKnownFileType = sourcecode.c.objc; path = MJRefreshBackGifFooter.m; sourceTree = "<group>"; };
		43B2C9331DA7C124004FA849 /* MJRefreshBackNormalFooter.h */ = {isa = PBXFileReference; fileEncoding = 4; lastKnownFileType = sourcecode.c.h; path = MJRefreshBackNormalFooter.h; sourceTree = "<group>"; };
		43B2C9341DA7C124004FA849 /* MJRefreshBackNormalFooter.m */ = {isa = PBXFileReference; fileEncoding = 4; lastKnownFileType = sourcecode.c.objc; path = MJRefreshBackNormalFooter.m; sourceTree = "<group>"; };
		43B2C9351DA7C124004FA849 /* MJRefreshBackStateFooter.h */ = {isa = PBXFileReference; fileEncoding = 4; lastKnownFileType = sourcecode.c.h; path = MJRefreshBackStateFooter.h; sourceTree = "<group>"; };
		43B2C9361DA7C124004FA849 /* MJRefreshBackStateFooter.m */ = {isa = PBXFileReference; fileEncoding = 4; lastKnownFileType = sourcecode.c.objc; path = MJRefreshBackStateFooter.m; sourceTree = "<group>"; };
		43B2C9381DA7C124004FA849 /* MJRefreshGifHeader.h */ = {isa = PBXFileReference; fileEncoding = 4; lastKnownFileType = sourcecode.c.h; path = MJRefreshGifHeader.h; sourceTree = "<group>"; };
		43B2C9391DA7C124004FA849 /* MJRefreshGifHeader.m */ = {isa = PBXFileReference; fileEncoding = 4; lastKnownFileType = sourcecode.c.objc; path = MJRefreshGifHeader.m; sourceTree = "<group>"; };
		43B2C93A1DA7C124004FA849 /* MJRefreshNormalHeader.h */ = {isa = PBXFileReference; fileEncoding = 4; lastKnownFileType = sourcecode.c.h; path = MJRefreshNormalHeader.h; sourceTree = "<group>"; };
		43B2C93B1DA7C124004FA849 /* MJRefreshNormalHeader.m */ = {isa = PBXFileReference; fileEncoding = 4; lastKnownFileType = sourcecode.c.objc; path = MJRefreshNormalHeader.m; sourceTree = "<group>"; };
		43B2C93C1DA7C124004FA849 /* MJRefreshStateHeader.h */ = {isa = PBXFileReference; fileEncoding = 4; lastKnownFileType = sourcecode.c.h; path = MJRefreshStateHeader.h; sourceTree = "<group>"; };
		43B2C93D1DA7C124004FA849 /* MJRefreshStateHeader.m */ = {isa = PBXFileReference; fileEncoding = 4; lastKnownFileType = sourcecode.c.objc; path = MJRefreshStateHeader.m; sourceTree = "<group>"; };
		43B2C93E1DA7C124004FA849 /* MJRefresh.bundle */ = {isa = PBXFileReference; lastKnownFileType = "wrapper.plug-in"; path = MJRefresh.bundle; sourceTree = "<group>"; };
		43B2C93F1DA7C124004FA849 /* MJRefresh.h */ = {isa = PBXFileReference; fileEncoding = 4; lastKnownFileType = sourcecode.c.h; path = MJRefresh.h; sourceTree = "<group>"; };
		43B2C9401DA7C124004FA849 /* MJRefreshConst.h */ = {isa = PBXFileReference; fileEncoding = 4; lastKnownFileType = sourcecode.c.h; path = MJRefreshConst.h; sourceTree = "<group>"; };
		43B2C9411DA7C124004FA849 /* MJRefreshConst.m */ = {isa = PBXFileReference; fileEncoding = 4; lastKnownFileType = sourcecode.c.objc; path = MJRefreshConst.m; sourceTree = "<group>"; };
		43B2C9421DA7C124004FA849 /* NSBundle+MJRefresh.h */ = {isa = PBXFileReference; fileEncoding = 4; lastKnownFileType = sourcecode.c.h; path = "NSBundle+MJRefresh.h"; sourceTree = "<group>"; };
		43B2C9431DA7C124004FA849 /* NSBundle+MJRefresh.m */ = {isa = PBXFileReference; fileEncoding = 4; lastKnownFileType = sourcecode.c.objc; path = "NSBundle+MJRefresh.m"; sourceTree = "<group>"; };
		43B2C9441DA7C124004FA849 /* UIScrollView+MJExtension.h */ = {isa = PBXFileReference; fileEncoding = 4; lastKnownFileType = sourcecode.c.h; path = "UIScrollView+MJExtension.h"; sourceTree = "<group>"; };
		43B2C9451DA7C124004FA849 /* UIScrollView+MJExtension.m */ = {isa = PBXFileReference; fileEncoding = 4; lastKnownFileType = sourcecode.c.objc; path = "UIScrollView+MJExtension.m"; sourceTree = "<group>"; };
		43B2C9461DA7C124004FA849 /* UIScrollView+MJRefresh.h */ = {isa = PBXFileReference; fileEncoding = 4; lastKnownFileType = sourcecode.c.h; path = "UIScrollView+MJRefresh.h"; sourceTree = "<group>"; };
		43B2C9471DA7C124004FA849 /* UIScrollView+MJRefresh.m */ = {isa = PBXFileReference; fileEncoding = 4; lastKnownFileType = sourcecode.c.objc; path = "UIScrollView+MJRefresh.m"; sourceTree = "<group>"; };
		43B2C9481DA7C124004FA849 /* UIView+MJExtension.h */ = {isa = PBXFileReference; fileEncoding = 4; lastKnownFileType = sourcecode.c.h; path = "UIView+MJExtension.h"; sourceTree = "<group>"; };
		43B2C9491DA7C124004FA849 /* UIView+MJExtension.m */ = {isa = PBXFileReference; fileEncoding = 4; lastKnownFileType = sourcecode.c.objc; path = "UIView+MJExtension.m"; sourceTree = "<group>"; };
		43B2C95F1DA7C139004FA849 /* UIView+Toast.h */ = {isa = PBXFileReference; fileEncoding = 4; lastKnownFileType = sourcecode.c.h; path = "UIView+Toast.h"; sourceTree = "<group>"; };
		43B2C9601DA7C139004FA849 /* UIView+Toast.m */ = {isa = PBXFileReference; fileEncoding = 4; lastKnownFileType = sourcecode.c.objc; path = "UIView+Toast.m"; sourceTree = "<group>"; };
		43B2C9641DA7C2AB004FA849 /* IQNSArray+Sort.swift */ = {isa = PBXFileReference; fileEncoding = 4; lastKnownFileType = sourcecode.swift; path = "IQNSArray+Sort.swift"; sourceTree = "<group>"; };
		43B2C9651DA7C2AB004FA849 /* IQUIScrollView+Additions.swift */ = {isa = PBXFileReference; fileEncoding = 4; lastKnownFileType = sourcecode.swift; path = "IQUIScrollView+Additions.swift"; sourceTree = "<group>"; };
		43B2C9661DA7C2AB004FA849 /* IQUITextFieldView+Additions.swift */ = {isa = PBXFileReference; fileEncoding = 4; lastKnownFileType = sourcecode.swift; path = "IQUITextFieldView+Additions.swift"; sourceTree = "<group>"; };
		43B2C9671DA7C2AB004FA849 /* IQUIView+Hierarchy.swift */ = {isa = PBXFileReference; fileEncoding = 4; lastKnownFileType = sourcecode.swift; path = "IQUIView+Hierarchy.swift"; sourceTree = "<group>"; };
		43B2C9681DA7C2AB004FA849 /* IQUIViewController+Additions.swift */ = {isa = PBXFileReference; fileEncoding = 4; lastKnownFileType = sourcecode.swift; path = "IQUIViewController+Additions.swift"; sourceTree = "<group>"; };
		43B2C9691DA7C2AB004FA849 /* IQUIWindow+Hierarchy.swift */ = {isa = PBXFileReference; fileEncoding = 4; lastKnownFileType = sourcecode.swift; path = "IQUIWindow+Hierarchy.swift"; sourceTree = "<group>"; };
		43B2C96B1DA7C2AB004FA849 /* IQKeyboardManagerConstants.swift */ = {isa = PBXFileReference; fileEncoding = 4; lastKnownFileType = sourcecode.swift; path = IQKeyboardManagerConstants.swift; sourceTree = "<group>"; };
		43B2C96C1DA7C2AB004FA849 /* IQKeyboardManagerConstantsInternal.swift */ = {isa = PBXFileReference; fileEncoding = 4; lastKnownFileType = sourcecode.swift; path = IQKeyboardManagerConstantsInternal.swift; sourceTree = "<group>"; };
		43B2C96D1DA7C2AB004FA849 /* IQKeyboardManager.swift */ = {isa = PBXFileReference; fileEncoding = 4; lastKnownFileType = sourcecode.swift; path = IQKeyboardManager.swift; sourceTree = "<group>"; };
		43B2C96E1DA7C2AB004FA849 /* IQKeyboardManagerSwift.h */ = {isa = PBXFileReference; fileEncoding = 4; lastKnownFileType = sourcecode.c.h; path = IQKeyboardManagerSwift.h; sourceTree = "<group>"; };
		43B2C96F1DA7C2AB004FA849 /* IQKeyboardReturnKeyHandler.swift */ = {isa = PBXFileReference; fileEncoding = 4; lastKnownFileType = sourcecode.swift; path = IQKeyboardReturnKeyHandler.swift; sourceTree = "<group>"; };
		43B2C9711DA7C2AB004FA849 /* IQTextView.swift */ = {isa = PBXFileReference; fileEncoding = 4; lastKnownFileType = sourcecode.swift; path = IQTextView.swift; sourceTree = "<group>"; };
		43B2C9731DA7C2AB004FA849 /* IQBarButtonItem.swift */ = {isa = PBXFileReference; fileEncoding = 4; lastKnownFileType = sourcecode.swift; path = IQBarButtonItem.swift; sourceTree = "<group>"; };
		43B2C9741DA7C2AB004FA849 /* IQPreviousNextView.swift */ = {isa = PBXFileReference; fileEncoding = 4; lastKnownFileType = sourcecode.swift; path = IQPreviousNextView.swift; sourceTree = "<group>"; };
		43B2C9751DA7C2AB004FA849 /* IQTitleBarButtonItem.swift */ = {isa = PBXFileReference; fileEncoding = 4; lastKnownFileType = sourcecode.swift; path = IQTitleBarButtonItem.swift; sourceTree = "<group>"; };
		43B2C9761DA7C2AB004FA849 /* IQToolbar.swift */ = {isa = PBXFileReference; fileEncoding = 4; lastKnownFileType = sourcecode.swift; path = IQToolbar.swift; sourceTree = "<group>"; };
		43B2C9771DA7C2AB004FA849 /* IQUIView+IQKeyboardToolbar.swift */ = {isa = PBXFileReference; fileEncoding = 4; lastKnownFileType = sourcecode.swift; path = "IQUIView+IQKeyboardToolbar.swift"; sourceTree = "<group>"; };
		43B2C9791DA7C2AB004FA849 /* IQKeyboardManager.bundle */ = {isa = PBXFileReference; lastKnownFileType = "wrapper.plug-in"; path = IQKeyboardManager.bundle; sourceTree = "<group>"; };
		43D390721DA7A45400039C35 /* ReactiveCocoaBindings.swift */ = {isa = PBXFileReference; fileEncoding = 4; lastKnownFileType = sourcecode.swift; path = ReactiveCocoaBindings.swift; sourceTree = "<group>"; };
		43D390731DA7A45400039C35 /* String+Base64.swift */ = {isa = PBXFileReference; fileEncoding = 4; lastKnownFileType = sourcecode.swift; path = "String+Base64.swift"; sourceTree = "<group>"; };
		43D390771DA7A46500039C35 /* Reachability.h */ = {isa = PBXFileReference; fileEncoding = 4; lastKnownFileType = sourcecode.c.h; path = Reachability.h; sourceTree = "<group>"; };
		43D390781DA7A46500039C35 /* Reachability.m */ = {isa = PBXFileReference; fileEncoding = 4; lastKnownFileType = sourcecode.c.objc; path = Reachability.m; sourceTree = "<group>"; };
		EA22F0091DAF4A2E00FFBEE6 /* WorldListViewModel.swift */ = {isa = PBXFileReference; fileEncoding = 4; lastKnownFileType = sourcecode.swift; path = WorldListViewModel.swift; sourceTree = "<group>"; };
		EA33BB8B1DA880F300C0BE04 /* AlamofireRACDownload.swift */ = {isa = PBXFileReference; fileEncoding = 4; lastKnownFileType = sourcecode.swift; path = AlamofireRACDownload.swift; sourceTree = "<group>"; };
		EA33BB8C1DA880F300C0BE04 /* AlamofireRACRequestJSON.swift */ = {isa = PBXFileReference; fileEncoding = 4; lastKnownFileType = sourcecode.swift; path = AlamofireRACRequestJSON.swift; sourceTree = "<group>"; };
		EA33BB8D1DA880F300C0BE04 /* AlamofireRACUpload.swift */ = {isa = PBXFileReference; fileEncoding = 4; lastKnownFileType = sourcecode.swift; path = AlamofireRACUpload.swift; sourceTree = "<group>"; };
		EA33BB8E1DA880F300C0BE04 /* HttpHeaders.swift */ = {isa = PBXFileReference; fileEncoding = 4; lastKnownFileType = sourcecode.swift; path = HttpHeaders.swift; sourceTree = "<group>"; };
		EA33BB8F1DA880F300C0BE04 /* RACHelpFunctions.swift */ = {isa = PBXFileReference; fileEncoding = 4; lastKnownFileType = sourcecode.swift; path = RACHelpFunctions.swift; sourceTree = "<group>"; };
		EA33BB911DA880F300C0BE04 /* API.swift */ = {isa = PBXFileReference; fileEncoding = 4; lastKnownFileType = sourcecode.swift; path = API.swift; sourceTree = "<group>"; };
		EA33BBA11DA8819800C0BE04 /* Error.swift */ = {isa = PBXFileReference; fileEncoding = 4; lastKnownFileType = sourcecode.swift; path = Error.swift; sourceTree = "<group>"; };
		EA33BBA51DA8890900C0BE04 /* DefaultServiceAPI.swift */ = {isa = PBXFileReference; fileEncoding = 4; lastKnownFileType = sourcecode.swift; path = DefaultServiceAPI.swift; sourceTree = "<group>"; };
		EA33BBA71DA8892600C0BE04 /* ServiceRequest.swift */ = {isa = PBXFileReference; fileEncoding = 4; lastKnownFileType = sourcecode.swift; path = ServiceRequest.swift; sourceTree = "<group>"; };
		EA33BBBD1DA8B07400C0BE04 /* Storyboard.swift */ = {isa = PBXFileReference; fileEncoding = 4; lastKnownFileType = sourcecode.swift; path = Storyboard.swift; sourceTree = "<group>"; };
		EA33BBC21DA8B1ED00C0BE04 /* TourViewController.swift */ = {isa = PBXFileReference; fileEncoding = 4; lastKnownFileType = sourcecode.swift; path = TourViewController.swift; sourceTree = "<group>"; };
		EA33BBC41DA8B88200C0BE04 /* MainTabbarViewController.swift */ = {isa = PBXFileReference; fileEncoding = 4; lastKnownFileType = sourcecode.swift; path = MainTabbarViewController.swift; sourceTree = "<group>"; };
		EA33BCC91DA9E7D200C0BE04 /* DepartmentView.swift */ = {isa = PBXFileReference; fileEncoding = 4; lastKnownFileType = sourcecode.swift; path = DepartmentView.swift; sourceTree = "<group>"; };
		EA33BCCB1DA9E93000C0BE04 /* UIExtension.swift */ = {isa = PBXFileReference; fileEncoding = 4; lastKnownFileType = sourcecode.swift; path = UIExtension.swift; sourceTree = "<group>"; };
		EA33BCCF1DAA006200C0BE04 /* ViewModel.swift */ = {isa = PBXFileReference; fileEncoding = 4; lastKnownFileType = sourcecode.swift; path = ViewModel.swift; sourceTree = "<group>"; };
		EA33BCD11DAA008600C0BE04 /* BaseViewModel.swift */ = {isa = PBXFileReference; fileEncoding = 4; lastKnownFileType = sourcecode.swift; path = BaseViewModel.swift; sourceTree = "<group>"; };
		EA33BCE51DAB20CC00C0BE04 /* GlobalData.swift */ = {isa = PBXFileReference; fileEncoding = 4; lastKnownFileType = sourcecode.swift; path = GlobalData.swift; sourceTree = "<group>"; };
		EA33BCE81DAB282900C0BE04 /* CoverFlow.swift */ = {isa = PBXFileReference; fileEncoding = 4; lastKnownFileType = sourcecode.swift; path = CoverFlow.swift; sourceTree = "<group>"; };
		EA33BCEA1DAB2A1E00C0BE04 /* CoverFlowCell.swift */ = {isa = PBXFileReference; fileEncoding = 4; lastKnownFileType = sourcecode.swift; path = CoverFlowCell.swift; sourceTree = "<group>"; };
		EA33BCEB1DAB2A1E00C0BE04 /* CoverFlowCell.xib */ = {isa = PBXFileReference; fileEncoding = 4; lastKnownFileType = file.xib; path = CoverFlowCell.xib; sourceTree = "<group>"; };
		EA33BCEF1DAB3BE200C0BE04 /* NewsViewController.swift */ = {isa = PBXFileReference; fileEncoding = 4; lastKnownFileType = sourcecode.swift; path = NewsViewController.swift; sourceTree = "<group>"; };
		EA33BCF11DAB549E00C0BE04 /* NewsListViewModel.swift */ = {isa = PBXFileReference; fileEncoding = 4; lastKnownFileType = sourcecode.swift; path = NewsListViewModel.swift; sourceTree = "<group>"; };
		EA33BCF31DAC750700C0BE04 /* WebDetailViewController.swift */ = {isa = PBXFileReference; fileEncoding = 4; lastKnownFileType = sourcecode.swift; path = WebDetailViewController.swift; sourceTree = "<group>"; };
		EA33BCF51DAC782600C0BE04 /* LoginManager.swift */ = {isa = PBXFileReference; fileEncoding = 4; lastKnownFileType = sourcecode.swift; path = LoginManager.swift; sourceTree = "<group>"; };
		EA33BD491DADC8FE00C0BE04 /* DocumentListTableViewCell.swift */ = {isa = PBXFileReference; fileEncoding = 4; lastKnownFileType = sourcecode.swift; path = DocumentListTableViewCell.swift; sourceTree = "<group>"; };
		EA33BD4B1DADCFC900C0BE04 /* DownloadManager.swift */ = {isa = PBXFileReference; fileEncoding = 4; lastKnownFileType = sourcecode.swift; path = DownloadManager.swift; sourceTree = "<group>"; };
		EA33BD4D1DADF2D400C0BE04 /* DocumentListViewModel.swift */ = {isa = PBXFileReference; fileEncoding = 4; lastKnownFileType = sourcecode.swift; path = DocumentListViewModel.swift; sourceTree = "<group>"; };
		EA33BD531DADFA4300C0BE04 /* ActionView.swift */ = {isa = PBXFileReference; fileEncoding = 4; lastKnownFileType = sourcecode.swift; path = ActionView.swift; sourceTree = "<group>"; };
		EA33BE211DAF1B1A00C0BE04 /* WorldListTableViewCell.swift */ = {isa = PBXFileReference; fileEncoding = 4; lastKnownFileType = sourcecode.swift; path = WorldListTableViewCell.swift; sourceTree = "<group>"; };
		EA67D0CC1D9E4D0B00468A92 /* Medhorizon.app */ = {isa = PBXFileReference; explicitFileType = wrapper.application; includeInIndex = 0; path = Medhorizon.app; sourceTree = BUILT_PRODUCTS_DIR; };
		EA67D0CF1D9E4D0B00468A92 /* AppDelegate.swift */ = {isa = PBXFileReference; lastKnownFileType = sourcecode.swift; path = AppDelegate.swift; sourceTree = "<group>"; };
		EA67D0D11D9E4D0B00468A92 /* ViewController.swift */ = {isa = PBXFileReference; lastKnownFileType = sourcecode.swift; path = ViewController.swift; sourceTree = "<group>"; };
		EA67D0D41D9E4D0B00468A92 /* Base */ = {isa = PBXFileReference; lastKnownFileType = file.storyboard; name = Base; path = Base.lproj/Main.storyboard; sourceTree = "<group>"; };
		EA67D0D61D9E4D0B00468A92 /* Assets.xcassets */ = {isa = PBXFileReference; lastKnownFileType = folder.assetcatalog; path = Assets.xcassets; sourceTree = "<group>"; };
		EA67D0D91D9E4D0B00468A92 /* Base */ = {isa = PBXFileReference; lastKnownFileType = file.storyboard; name = Base; path = Base.lproj/LaunchScreen.storyboard; sourceTree = "<group>"; };
		EA67D0DB1D9E4D0B00468A92 /* Info.plist */ = {isa = PBXFileReference; lastKnownFileType = text.plist.xml; path = Info.plist; sourceTree = "<group>"; };
		EA67D0E11D9E53CB00468A92 /* Alamofire.framework */ = {isa = PBXFileReference; lastKnownFileType = wrapper.framework; name = Alamofire.framework; path = Carthage/Build/iOS/Alamofire.framework; sourceTree = "<group>"; };
		EA67D0E21D9E53CB00468A92 /* Dollar.framework */ = {isa = PBXFileReference; lastKnownFileType = wrapper.framework; name = Dollar.framework; path = Carthage/Build/iOS/Dollar.framework; sourceTree = "<group>"; };
		EA67D0E31D9E53CB00468A92 /* Prelude.framework */ = {isa = PBXFileReference; lastKnownFileType = wrapper.framework; name = Prelude.framework; path = Carthage/Build/iOS/Prelude.framework; sourceTree = "<group>"; };
		EA67D0E41D9E53CB00468A92 /* ReactiveCocoa.framework */ = {isa = PBXFileReference; lastKnownFileType = wrapper.framework; name = ReactiveCocoa.framework; path = Carthage/Build/iOS/ReactiveCocoa.framework; sourceTree = "<group>"; };
		EA67D0E51D9E53CB00468A92 /* Result.framework */ = {isa = PBXFileReference; lastKnownFileType = wrapper.framework; name = Result.framework; path = Carthage/Build/iOS/Result.framework; sourceTree = "<group>"; };
		EA67D0E61D9E53CB00468A92 /* Runes.framework */ = {isa = PBXFileReference; lastKnownFileType = wrapper.framework; name = Runes.framework; path = Carthage/Build/iOS/Runes.framework; sourceTree = "<group>"; };
		EA67D0E71D9E53CB00468A92 /* SVProgressHUD.framework */ = {isa = PBXFileReference; lastKnownFileType = wrapper.framework; name = SVProgressHUD.framework; path = Carthage/Build/iOS/SVProgressHUD.framework; sourceTree = "<group>"; };
		EA67D0E81D9E53CB00468A92 /* WebImage.framework */ = {isa = PBXFileReference; lastKnownFileType = wrapper.framework; name = WebImage.framework; path = Carthage/Build/iOS/WebImage.framework; sourceTree = "<group>"; };
/* End PBXFileReference section */

/* Begin PBXFrameworksBuildPhase section */
		EA67D0C91D9E4D0B00468A92 /* Frameworks */ = {
			isa = PBXFrameworksBuildPhase;
			buildActionMask = 2147483647;
			files = (
				EA67D0E91D9E53CB00468A92 /* Alamofire.framework in Frameworks */,
				43D390531DA35DD000039C35 /* Alamofire.framework in Frameworks */,
				43D390551DA35DD000039C35 /* Dollar.framework in Frameworks */,
				EA67D0EA1D9E53CB00468A92 /* Dollar.framework in Frameworks */,
				EA67D0EB1D9E53CB00468A92 /* Prelude.framework in Frameworks */,
				EA67D0EC1D9E53CB00468A92 /* ReactiveCocoa.framework in Frameworks */,
				43D3905F1DA35DD000039C35 /* SVProgressHUD.framework in Frameworks */,
				43D3905D1DA35DD000039C35 /* Runes.framework in Frameworks */,
				43D390571DA35DD000039C35 /* Prelude.framework in Frameworks */,
				43D3905B1DA35DD000039C35 /* Result.framework in Frameworks */,
				43D390591DA35DD000039C35 /* ReactiveCocoa.framework in Frameworks */,
				EA67D0ED1D9E53CB00468A92 /* Result.framework in Frameworks */,
				EA67D0EE1D9E53CB00468A92 /* Runes.framework in Frameworks */,
				EA67D0EF1D9E53CB00468A92 /* SVProgressHUD.framework in Frameworks */,
				EA67D0F01D9E53CB00468A92 /* WebImage.framework in Frameworks */,
				43D390611DA35DD000039C35 /* WebImage.framework in Frameworks */,
			);
			runOnlyForDeploymentPostprocessing = 0;
		};
/* End PBXFrameworksBuildPhase section */

/* Begin PBXGroup section */
		43714A831DAD375E00BD68C5 /* Meeting */ = {
			isa = PBXGroup;
			children = (
				43714A861DAD379500BD68C5 /* MeetingListViewController.swift */,
				43714A881DAD382D00BD68C5 /* MeetingListViewModel.swift */,
				43714A841DAD377D00BD68C5 /* MeetingListTableViewCell.swift */,
			);
			path = Meeting;
			sourceTree = "<group>";
		};
		43714A8A1DAD3D5900BD68C5 /* Doc */ = {
			isa = PBXGroup;
			children = (
				43714A8B1DAD3D8400BD68C5 /* DocumentListViewController.swift */,
				EA33BD491DADC8FE00C0BE04 /* DocumentListTableViewCell.swift */,
				EA33BD4D1DADF2D400C0BE04 /* DocumentListViewModel.swift */,
			);
			path = Doc;
			sourceTree = "<group>";
		};
		43714A8D1DAE8E4D00BD68C5 /* World */ = {
			isa = PBXGroup;
			children = (
				43714A8E1DAE8E6200BD68C5 /* WorldListViewController.swift */,
				EA22F0091DAF4A2E00FFBEE6 /* WorldListViewModel.swift */,
				43714A901DAE900400BD68C5 /* CoursewareChooseView.swift */,
				EA33BE211DAF1B1A00C0BE04 /* WorldListTableViewCell.swift */,
				43714A921DAFDC6800BD68C5 /* WorldDetailViewController.swift */,
				43714A941DAFE93900BD68C5 /* WorldDetailTableViewCell.swift */,
			);
			path = World;
			sourceTree = "<group>";
		};
		43B2C91B1DA7C124004FA849 /* MJRefresh */ = {
			isa = PBXGroup;
			children = (
				43B2C91C1DA7C124004FA849 /* Base */,
				43B2C9271DA7C124004FA849 /* Custom */,
				43B2C93E1DA7C124004FA849 /* MJRefresh.bundle */,
				43B2C93F1DA7C124004FA849 /* MJRefresh.h */,
				43B2C9401DA7C124004FA849 /* MJRefreshConst.h */,
				43B2C9411DA7C124004FA849 /* MJRefreshConst.m */,
				43B2C9421DA7C124004FA849 /* NSBundle+MJRefresh.h */,
				43B2C9431DA7C124004FA849 /* NSBundle+MJRefresh.m */,
				43B2C9441DA7C124004FA849 /* UIScrollView+MJExtension.h */,
				43B2C9451DA7C124004FA849 /* UIScrollView+MJExtension.m */,
				43B2C9461DA7C124004FA849 /* UIScrollView+MJRefresh.h */,
				43B2C9471DA7C124004FA849 /* UIScrollView+MJRefresh.m */,
				43B2C9481DA7C124004FA849 /* UIView+MJExtension.h */,
				43B2C9491DA7C124004FA849 /* UIView+MJExtension.m */,
			);
			path = MJRefresh;
			sourceTree = "<group>";
		};
		43B2C91C1DA7C124004FA849 /* Base */ = {
			isa = PBXGroup;
			children = (
				43B2C91D1DA7C124004FA849 /* MJRefreshAutoFooter.h */,
				43B2C91E1DA7C124004FA849 /* MJRefreshAutoFooter.m */,
				43B2C91F1DA7C124004FA849 /* MJRefreshBackFooter.h */,
				43B2C9201DA7C124004FA849 /* MJRefreshBackFooter.m */,
				43B2C9211DA7C124004FA849 /* MJRefreshComponent.h */,
				43B2C9221DA7C124004FA849 /* MJRefreshComponent.m */,
				43B2C9231DA7C124004FA849 /* MJRefreshFooter.h */,
				43B2C9241DA7C124004FA849 /* MJRefreshFooter.m */,
				43B2C9251DA7C124004FA849 /* MJRefreshHeader.h */,
				43B2C9261DA7C124004FA849 /* MJRefreshHeader.m */,
			);
			path = Base;
			sourceTree = "<group>";
		};
		43B2C9271DA7C124004FA849 /* Custom */ = {
			isa = PBXGroup;
			children = (
				43B2C9281DA7C124004FA849 /* Footer */,
				43B2C9371DA7C124004FA849 /* Header */,
			);
			path = Custom;
			sourceTree = "<group>";
		};
		43B2C9281DA7C124004FA849 /* Footer */ = {
			isa = PBXGroup;
			children = (
				43B2C9291DA7C124004FA849 /* Auto */,
				43B2C9301DA7C124004FA849 /* Back */,
			);
			path = Footer;
			sourceTree = "<group>";
		};
		43B2C9291DA7C124004FA849 /* Auto */ = {
			isa = PBXGroup;
			children = (
				43B2C92A1DA7C124004FA849 /* MJRefreshAutoGifFooter.h */,
				43B2C92B1DA7C124004FA849 /* MJRefreshAutoGifFooter.m */,
				43B2C92C1DA7C124004FA849 /* MJRefreshAutoNormalFooter.h */,
				43B2C92D1DA7C124004FA849 /* MJRefreshAutoNormalFooter.m */,
				43B2C92E1DA7C124004FA849 /* MJRefreshAutoStateFooter.h */,
				43B2C92F1DA7C124004FA849 /* MJRefreshAutoStateFooter.m */,
			);
			path = Auto;
			sourceTree = "<group>";
		};
		43B2C9301DA7C124004FA849 /* Back */ = {
			isa = PBXGroup;
			children = (
				43B2C9311DA7C124004FA849 /* MJRefreshBackGifFooter.h */,
				43B2C9321DA7C124004FA849 /* MJRefreshBackGifFooter.m */,
				43B2C9331DA7C124004FA849 /* MJRefreshBackNormalFooter.h */,
				43B2C9341DA7C124004FA849 /* MJRefreshBackNormalFooter.m */,
				43B2C9351DA7C124004FA849 /* MJRefreshBackStateFooter.h */,
				43B2C9361DA7C124004FA849 /* MJRefreshBackStateFooter.m */,
			);
			path = Back;
			sourceTree = "<group>";
		};
		43B2C9371DA7C124004FA849 /* Header */ = {
			isa = PBXGroup;
			children = (
				43B2C9381DA7C124004FA849 /* MJRefreshGifHeader.h */,
				43B2C9391DA7C124004FA849 /* MJRefreshGifHeader.m */,
				43B2C93A1DA7C124004FA849 /* MJRefreshNormalHeader.h */,
				43B2C93B1DA7C124004FA849 /* MJRefreshNormalHeader.m */,
				43B2C93C1DA7C124004FA849 /* MJRefreshStateHeader.h */,
				43B2C93D1DA7C124004FA849 /* MJRefreshStateHeader.m */,
			);
			path = Header;
			sourceTree = "<group>";
		};
		43B2C95E1DA7C139004FA849 /* Toast */ = {
			isa = PBXGroup;
			children = (
				43B2C95F1DA7C139004FA849 /* UIView+Toast.h */,
				43B2C9601DA7C139004FA849 /* UIView+Toast.m */,
			);
			path = Toast;
			sourceTree = "<group>";
		};
		43B2C9621DA7C2AB004FA849 /* IQKeyboardManagerSwift */ = {
			isa = PBXGroup;
			children = (
				43B2C9631DA7C2AB004FA849 /* Categories */,
				43B2C96A1DA7C2AB004FA849 /* Constants */,
				43B2C96D1DA7C2AB004FA849 /* IQKeyboardManager.swift */,
				43B2C96E1DA7C2AB004FA849 /* IQKeyboardManagerSwift.h */,
				43B2C96F1DA7C2AB004FA849 /* IQKeyboardReturnKeyHandler.swift */,
				43B2C9701DA7C2AB004FA849 /* IQTextView */,
				43B2C9721DA7C2AB004FA849 /* IQToolbar */,
				43B2C9781DA7C2AB004FA849 /* Resources */,
			);
			path = IQKeyboardManagerSwift;
			sourceTree = "<group>";
		};
		43B2C9631DA7C2AB004FA849 /* Categories */ = {
			isa = PBXGroup;
			children = (
				43B2C9641DA7C2AB004FA849 /* IQNSArray+Sort.swift */,
				43B2C9651DA7C2AB004FA849 /* IQUIScrollView+Additions.swift */,
				43B2C9661DA7C2AB004FA849 /* IQUITextFieldView+Additions.swift */,
				43B2C9671DA7C2AB004FA849 /* IQUIView+Hierarchy.swift */,
				43B2C9681DA7C2AB004FA849 /* IQUIViewController+Additions.swift */,
				43B2C9691DA7C2AB004FA849 /* IQUIWindow+Hierarchy.swift */,
			);
			path = Categories;
			sourceTree = "<group>";
		};
		43B2C96A1DA7C2AB004FA849 /* Constants */ = {
			isa = PBXGroup;
			children = (
				43B2C96B1DA7C2AB004FA849 /* IQKeyboardManagerConstants.swift */,
				43B2C96C1DA7C2AB004FA849 /* IQKeyboardManagerConstantsInternal.swift */,
			);
			path = Constants;
			sourceTree = "<group>";
		};
		43B2C9701DA7C2AB004FA849 /* IQTextView */ = {
			isa = PBXGroup;
			children = (
				43B2C9711DA7C2AB004FA849 /* IQTextView.swift */,
			);
			path = IQTextView;
			sourceTree = "<group>";
		};
		43B2C9721DA7C2AB004FA849 /* IQToolbar */ = {
			isa = PBXGroup;
			children = (
				43B2C9731DA7C2AB004FA849 /* IQBarButtonItem.swift */,
				43B2C9741DA7C2AB004FA849 /* IQPreviousNextView.swift */,
				43B2C9751DA7C2AB004FA849 /* IQTitleBarButtonItem.swift */,
				43B2C9761DA7C2AB004FA849 /* IQToolbar.swift */,
				43B2C9771DA7C2AB004FA849 /* IQUIView+IQKeyboardToolbar.swift */,
			);
			path = IQToolbar;
			sourceTree = "<group>";
		};
		43B2C9781DA7C2AB004FA849 /* Resources */ = {
			isa = PBXGroup;
			children = (
				43B2C9791DA7C2AB004FA849 /* IQKeyboardManager.bundle */,
			);
			path = Resources;
			sourceTree = "<group>";
		};
		43D3906D1DA7A40200039C35 /* Common */ = {
			isa = PBXGroup;
			children = (
				EA33BBBD1DA8B07400C0BE04 /* Storyboard.swift */,
				43714A761DAA7FD100BD68C5 /* AppInfo.swift */,
				EA33BD4B1DADCFC900C0BE04 /* DownloadManager.swift */,
			);
			path = Common;
			sourceTree = "<group>";
		};
		43D3906E1DA7A40200039C35 /* Network */ = {
			isa = PBXGroup;
			children = (
				EA33BBA01DA8819800C0BE04 /* Error */,
				EA33BB8A1DA880F300C0BE04 /* AlamofireRAC */,
				EA33BB901DA880F300C0BE04 /* API */,
				EA33BBA41DA8868300C0BE04 /* Request */,
			);
			path = Network;
			sourceTree = "<group>";
		};
		43D3906F1DA7A40200039C35 /* Utilities */ = {
			isa = PBXGroup;
			children = (
				43D3907A1DA7A51000039C35 /* UIExtension */,
				43D390721DA7A45400039C35 /* ReactiveCocoaBindings.swift */,
				43D390731DA7A45400039C35 /* String+Base64.swift */,
			);
			path = Utilities;
			sourceTree = "<group>";
		};
		43D390701DA7A40200039C35 /* Vendor */ = {
			isa = PBXGroup;
			children = (
				43B2C9621DA7C2AB004FA849 /* IQKeyboardManagerSwift */,
				43B2C95E1DA7C139004FA849 /* Toast */,
				43B2C91B1DA7C124004FA849 /* MJRefresh */,
				43D390761DA7A46500039C35 /* AppleReachability */,
			);
			path = Vendor;
			sourceTree = "<group>";
		};
		43D390711DA7A40200039C35 /* ViewControllers */ = {
			isa = PBXGroup;
			children = (
				EA33BCE71DAB24E300C0BE04 /* Base */,
				EA33BBC11DA8B0F700C0BE04 /* Tour */,
				EA33BBBF1DA8B0F700C0BE04 /* Main */,
				EA33BBC01DA8B0F700C0BE04 /* Login */,
			);
			path = ViewControllers;
			sourceTree = "<group>";
		};
		43D390761DA7A46500039C35 /* AppleReachability */ = {
			isa = PBXGroup;
			children = (
				43D390771DA7A46500039C35 /* Reachability.h */,
				43D390781DA7A46500039C35 /* Reachability.m */,
			);
			path = AppleReachability;
			sourceTree = "<group>";
		};
		43D3907A1DA7A51000039C35 /* UIExtension */ = {
			isa = PBXGroup;
			children = (
				EA33BCCB1DA9E93000C0BE04 /* UIExtension.swift */,
			);
			path = UIExtension;
			sourceTree = "<group>";
		};
		EA33BB8A1DA880F300C0BE04 /* AlamofireRAC */ = {
			isa = PBXGroup;
			children = (
				EA33BB8B1DA880F300C0BE04 /* AlamofireRACDownload.swift */,
				EA33BB8C1DA880F300C0BE04 /* AlamofireRACRequestJSON.swift */,
				EA33BB8D1DA880F300C0BE04 /* AlamofireRACUpload.swift */,
				EA33BB8E1DA880F300C0BE04 /* HttpHeaders.swift */,
				EA33BB8F1DA880F300C0BE04 /* RACHelpFunctions.swift */,
			);
			path = AlamofireRAC;
			sourceTree = "<group>";
		};
		EA33BB901DA880F300C0BE04 /* API */ = {
			isa = PBXGroup;
			children = (
				EA33BB911DA880F300C0BE04 /* API.swift */,
				EA33BBA51DA8890900C0BE04 /* DefaultServiceAPI.swift */,
			);
			path = API;
			sourceTree = "<group>";
		};
		EA33BBA01DA8819800C0BE04 /* Error */ = {
			isa = PBXGroup;
			children = (
				EA33BBA11DA8819800C0BE04 /* Error.swift */,
			);
			path = Error;
			sourceTree = "<group>";
		};
		EA33BBA41DA8868300C0BE04 /* Request */ = {
			isa = PBXGroup;
			children = (
				EA33BBA71DA8892600C0BE04 /* ServiceRequest.swift */,
			);
			path = Request;
			sourceTree = "<group>";
		};
		EA33BBBF1DA8B0F700C0BE04 /* Main */ = {
			isa = PBXGroup;
			children = (
				EA33BBC41DA8B88200C0BE04 /* MainTabbarViewController.swift */,
				EA33BCC91DA9E7D200C0BE04 /* DepartmentView.swift */,
				EA33BCEE1DAB3BCA00C0BE04 /* News */,
				43714A8D1DAE8E4D00BD68C5 /* World */,
				43714A831DAD375E00BD68C5 /* Meeting */,
				43714A8A1DAD3D5900BD68C5 /* Doc */,
			);
			path = Main;
			sourceTree = "<group>";
		};
		EA33BBC01DA8B0F700C0BE04 /* Login */ = {
			isa = PBXGroup;
			children = (
				EA33BCF51DAC782600C0BE04 /* LoginManager.swift */,
			);
			path = Login;
			sourceTree = "<group>";
		};
		EA33BBC11DA8B0F700C0BE04 /* Tour */ = {
			isa = PBXGroup;
			children = (
				EA33BBC21DA8B1ED00C0BE04 /* TourViewController.swift */,
			);
			path = Tour;
			sourceTree = "<group>";
		};
		EA33BCCD1DAA002900C0BE04 /* Model */ = {
			isa = PBXGroup;
			children = (
				EA33BCE51DAB20CC00C0BE04 /* GlobalData.swift */,
				EA33BCCE1DAA005700C0BE04 /* Base */,
			);
			path = Model;
			sourceTree = "<group>";
		};
		EA33BCCE1DAA005700C0BE04 /* Base */ = {
			isa = PBXGroup;
			children = (
				EA33BCCF1DAA006200C0BE04 /* ViewModel.swift */,
				EA33BCD11DAA008600C0BE04 /* BaseViewModel.swift */,
			);
			path = Base;
			sourceTree = "<group>";
		};
		EA33BCE71DAB24E300C0BE04 /* Base */ = {
			isa = PBXGroup;
			children = (
				EA33BCE81DAB282900C0BE04 /* CoverFlow.swift */,
				EA33BCEA1DAB2A1E00C0BE04 /* CoverFlowCell.swift */,
				EA33BCEB1DAB2A1E00C0BE04 /* CoverFlowCell.xib */,
				EA33BCF31DAC750700C0BE04 /* WebDetailViewController.swift */,
				EA33BD531DADFA4300C0BE04 /* ActionView.swift */,
			);
			path = Base;
			sourceTree = "<group>";
		};
		EA33BCEE1DAB3BCA00C0BE04 /* News */ = {
			isa = PBXGroup;
			children = (
				EA33BCEF1DAB3BE200C0BE04 /* NewsViewController.swift */,
				EA33BCF11DAB549E00C0BE04 /* NewsListViewModel.swift */,
				43714A781DABD5E200BD68C5 /* NewsListTableViewCell.swift */,
			);
			path = News;
			sourceTree = "<group>";
		};
		EA67D0C31D9E4D0B00468A92 = {
			isa = PBXGroup;
			children = (
				EA67D0CE1D9E4D0B00468A92 /* Medhorizon */,
				EA67D0F11D9E53E000468A92 /* Frameworks */,
				EA67D0CD1D9E4D0B00468A92 /* Products */,
			);
			sourceTree = "<group>";
		};
		EA67D0CD1D9E4D0B00468A92 /* Products */ = {
			isa = PBXGroup;
			children = (
				EA67D0CC1D9E4D0B00468A92 /* Medhorizon.app */,
			);
			name = Products;
			sourceTree = "<group>";
		};
		EA67D0CE1D9E4D0B00468A92 /* Medhorizon */ = {
			isa = PBXGroup;
			children = (
				43D3906D1DA7A40200039C35 /* Common */,
				43D3906E1DA7A40200039C35 /* Network */,
				43D3906F1DA7A40200039C35 /* Utilities */,
				43D390701DA7A40200039C35 /* Vendor */,
				EA33BCCD1DAA002900C0BE04 /* Model */,
				43D390711DA7A40200039C35 /* ViewControllers */,
				EA67D0CF1D9E4D0B00468A92 /* AppDelegate.swift */,
				EA67D0D11D9E4D0B00468A92 /* ViewController.swift */,
				43B2C8F11DA7BF6E004FA849 /* Medhorizon-Bridging.h */,
				EA67D0D31D9E4D0B00468A92 /* Main.storyboard */,
				EA67D0D61D9E4D0B00468A92 /* Assets.xcassets */,
				EA67D0D81D9E4D0B00468A92 /* LaunchScreen.storyboard */,
				EA67D0DB1D9E4D0B00468A92 /* Info.plist */,
			);
			path = Medhorizon;
			sourceTree = "<group>";
		};
		EA67D0F11D9E53E000468A92 /* Frameworks */ = {
			isa = PBXGroup;
			children = (
				EA67D0E11D9E53CB00468A92 /* Alamofire.framework */,
				EA67D0E21D9E53CB00468A92 /* Dollar.framework */,
				EA67D0E31D9E53CB00468A92 /* Prelude.framework */,
				EA67D0E41D9E53CB00468A92 /* ReactiveCocoa.framework */,
				EA67D0E51D9E53CB00468A92 /* Result.framework */,
				EA67D0E61D9E53CB00468A92 /* Runes.framework */,
				EA67D0E71D9E53CB00468A92 /* SVProgressHUD.framework */,
				EA67D0E81D9E53CB00468A92 /* WebImage.framework */,
			);
			name = Frameworks;
			sourceTree = "<group>";
		};
/* End PBXGroup section */

/* Begin PBXNativeTarget section */
		EA67D0CB1D9E4D0B00468A92 /* Medhorizon */ = {
			isa = PBXNativeTarget;
			buildConfigurationList = EA67D0DE1D9E4D0B00468A92 /* Build configuration list for PBXNativeTarget "Medhorizon" */;
			buildPhases = (
				EA67D0C81D9E4D0B00468A92 /* Sources */,
				EA67D0C91D9E4D0B00468A92 /* Frameworks */,
				EA67D0CA1D9E4D0B00468A92 /* Resources */,
				43D390631DA35DD000039C35 /* Embed Frameworks */,
			);
			buildRules = (
			);
			dependencies = (
			);
			name = Medhorizon;
			productName = Medhorizon;
			productReference = EA67D0CC1D9E4D0B00468A92 /* Medhorizon.app */;
			productType = "com.apple.product-type.application";
		};
/* End PBXNativeTarget section */

/* Begin PBXProject section */
		EA67D0C41D9E4D0B00468A92 /* Project object */ = {
			isa = PBXProject;
			attributes = {
				LastSwiftUpdateCheck = 0730;
				LastUpgradeCheck = 0730;
				ORGANIZATIONNAME = changchun;
				TargetAttributes = {
					EA67D0CB1D9E4D0B00468A92 = {
						CreatedOnToolsVersion = 7.3;
					};
				};
			};
			buildConfigurationList = EA67D0C71D9E4D0B00468A92 /* Build configuration list for PBXProject "Medhorizon" */;
			compatibilityVersion = "Xcode 3.2";
			developmentRegion = English;
			hasScannedForEncodings = 0;
			knownRegions = (
				en,
				Base,
			);
			mainGroup = EA67D0C31D9E4D0B00468A92;
			productRefGroup = EA67D0CD1D9E4D0B00468A92 /* Products */;
			projectDirPath = "";
			projectRoot = "";
			targets = (
				EA67D0CB1D9E4D0B00468A92 /* Medhorizon */,
			);
		};
/* End PBXProject section */

/* Begin PBXResourcesBuildPhase section */
		EA67D0CA1D9E4D0B00468A92 /* Resources */ = {
			isa = PBXResourcesBuildPhase;
			buildActionMask = 2147483647;
			files = (
				43B2C98A1DA7C2AB004FA849 /* IQKeyboardManager.bundle in Resources */,
				EA67D0DA1D9E4D0B00468A92 /* LaunchScreen.storyboard in Resources */,
				EA67D0D71D9E4D0B00468A92 /* Assets.xcassets in Resources */,
				EA33BCED1DAB2A1E00C0BE04 /* CoverFlowCell.xib in Resources */,
				43B2C9581DA7C124004FA849 /* MJRefresh.bundle in Resources */,
				EA67D0D51D9E4D0B00468A92 /* Main.storyboard in Resources */,
			);
			runOnlyForDeploymentPostprocessing = 0;
		};
/* End PBXResourcesBuildPhase section */

/* Begin PBXSourcesBuildPhase section */
		EA67D0C81D9E4D0B00468A92 /* Sources */ = {
			isa = PBXSourcesBuildPhase;
			buildActionMask = 2147483647;
			files = (
				43B2C94F1DA7C124004FA849 /* MJRefreshAutoGifFooter.m in Sources */,
				EA67D0D21D9E4D0B00468A92 /* ViewController.swift in Sources */,
				43D390751DA7A45400039C35 /* String+Base64.swift in Sources */,
				43B2C9501DA7C124004FA849 /* MJRefreshAutoNormalFooter.m in Sources */,
				43B2C97A1DA7C2AB004FA849 /* IQNSArray+Sort.swift in Sources */,
				43B2C95A1DA7C124004FA849 /* NSBundle+MJRefresh.m in Sources */,
				EA33BCD01DAA006200C0BE04 /* ViewModel.swift in Sources */,
				43B2C95C1DA7C124004FA849 /* UIScrollView+MJRefresh.m in Sources */,
				43B2C95B1DA7C124004FA849 /* UIScrollView+MJExtension.m in Sources */,
				43B2C9531DA7C124004FA849 /* MJRefreshBackNormalFooter.m in Sources */,
				EA33BCF21DAB549E00C0BE04 /* NewsListViewModel.swift in Sources */,
				43B2C9851DA7C2AB004FA849 /* IQBarButtonItem.swift in Sources */,
				EA33BB991DA880F300C0BE04 /* HttpHeaders.swift in Sources */,
				EA33BB961DA880F300C0BE04 /* AlamofireRACDownload.swift in Sources */,
				43714A871DAD379500BD68C5 /* MeetingListViewController.swift in Sources */,
				EA33BCE91DAB282900C0BE04 /* CoverFlow.swift in Sources */,
				43B2C94C1DA7C124004FA849 /* MJRefreshComponent.m in Sources */,
				EA33BCD21DAA008600C0BE04 /* BaseViewModel.swift in Sources */,
				EA33BE221DAF1B1A00C0BE04 /* WorldListTableViewCell.swift in Sources */,
				43B2C9611DA7C139004FA849 /* UIView+Toast.m in Sources */,
				EA33BBC51DA8B88200C0BE04 /* MainTabbarViewController.swift in Sources */,
				43B2C9561DA7C124004FA849 /* MJRefreshNormalHeader.m in Sources */,
				EA33BBA21DA8819800C0BE04 /* Error.swift in Sources */,
				43B2C97E1DA7C2AB004FA849 /* IQUIViewController+Additions.swift in Sources */,
				EA33BCEC1DAB2A1E00C0BE04 /* CoverFlowCell.swift in Sources */,
				EA33BCE61DAB20CC00C0BE04 /* GlobalData.swift in Sources */,
				43B2C9521DA7C124004FA849 /* MJRefreshBackGifFooter.m in Sources */,
				43B2C9871DA7C2AB004FA849 /* IQTitleBarButtonItem.swift in Sources */,
				EA33BCCA1DA9E7D200C0BE04 /* DepartmentView.swift in Sources */,
				43B2C9811DA7C2AB004FA849 /* IQKeyboardManagerConstantsInternal.swift in Sources */,
				43B2C94A1DA7C124004FA849 /* MJRefreshAutoFooter.m in Sources */,
				EA33BD541DADFA4300C0BE04 /* ActionView.swift in Sources */,
				43714A931DAFDC6800BD68C5 /* WorldDetailViewController.swift in Sources */,
				EA33BCF61DAC782600C0BE04 /* LoginManager.swift in Sources */,
				43B2C9831DA7C2AB004FA849 /* IQKeyboardReturnKeyHandler.swift in Sources */,
				43D390741DA7A45400039C35 /* ReactiveCocoaBindings.swift in Sources */,
				43B2C94B1DA7C124004FA849 /* MJRefreshBackFooter.m in Sources */,
				EA33BBC31DA8B1ED00C0BE04 /* TourViewController.swift in Sources */,
				43B2C97D1DA7C2AB004FA849 /* IQUIView+Hierarchy.swift in Sources */,
				43714A951DAFE93900BD68C5 /* WorldDetailTableViewCell.swift in Sources */,
				EA33BBA81DA8892600C0BE04 /* ServiceRequest.swift in Sources */,
				43B2C9551DA7C124004FA849 /* MJRefreshGifHeader.m in Sources */,
				43714A891DAD382D00BD68C5 /* MeetingListViewModel.swift in Sources */,
				EA22F00A1DAF4A2E00FFBEE6 /* WorldListViewModel.swift in Sources */,
				43B2C9881DA7C2AB004FA849 /* IQToolbar.swift in Sources */,
				43B2C9861DA7C2AB004FA849 /* IQPreviousNextView.swift in Sources */,
				43B2C97F1DA7C2AB004FA849 /* IQUIWindow+Hierarchy.swift in Sources */,
				43B2C9891DA7C2AB004FA849 /* IQUIView+IQKeyboardToolbar.swift in Sources */,
				EA33BD4C1DADCFC900C0BE04 /* DownloadManager.swift in Sources */,
				43B2C97B1DA7C2AB004FA849 /* IQUIScrollView+Additions.swift in Sources */,
				EA33BB9A1DA880F300C0BE04 /* RACHelpFunctions.swift in Sources */,
				43B2C9511DA7C124004FA849 /* MJRefreshAutoStateFooter.m in Sources */,
				EA33BD4A1DADC8FE00C0BE04 /* DocumentListTableViewCell.swift in Sources */,
				EA67D0D01D9E4D0B00468A92 /* AppDelegate.swift in Sources */,
				EA33BD4E1DADF2D400C0BE04 /* DocumentListViewModel.swift in Sources */,
				43714A851DAD377D00BD68C5 /* MeetingListTableViewCell.swift in Sources */,
				43B2C95D1DA7C124004FA849 /* UIView+MJExtension.m in Sources */,
				43B2C94E1DA7C124004FA849 /* MJRefreshHeader.m in Sources */,
				EA33BBBE1DA8B07400C0BE04 /* Storyboard.swift in Sources */,
				43714A911DAE900400BD68C5 /* CoursewareChooseView.swift in Sources */,
				43714A771DAA7FD100BD68C5 /* AppInfo.swift in Sources */,
				43B2C9571DA7C124004FA849 /* MJRefreshStateHeader.m in Sources */,
				EA33BBA61DA8890900C0BE04 /* DefaultServiceAPI.swift in Sources */,
				43714A791DABD5E200BD68C5 /* NewsListTableViewCell.swift in Sources */,
				43B2C9541DA7C124004FA849 /* MJRefreshBackStateFooter.m in Sources */,
				43B2C9841DA7C2AB004FA849 /* IQTextView.swift in Sources */,
				EA33BB971DA880F300C0BE04 /* AlamofireRACRequestJSON.swift in Sources */,
				43714A8F1DAE8E6200BD68C5 /* WorldListViewController.swift in Sources */,
				43B2C9821DA7C2AB004FA849 /* IQKeyboardManager.swift in Sources */,
				EA33BB9B1DA880F300C0BE04 /* API.swift in Sources */,
				43B2C9591DA7C124004FA849 /* MJRefreshConst.m in Sources */,
				EA33BB981DA880F300C0BE04 /* AlamofireRACUpload.swift in Sources */,
				43714A8C1DAD3D8400BD68C5 /* DocumentListViewController.swift in Sources */,
				43B2C9801DA7C2AB004FA849 /* IQKeyboardManagerConstants.swift in Sources */,
				43D390791DA7A46500039C35 /* Reachability.m in Sources */,
				43B2C97C1DA7C2AB004FA849 /* IQUITextFieldView+Additions.swift in Sources */,
				EA33BCCC1DA9E93000C0BE04 /* UIExtension.swift in Sources */,
				43B2C94D1DA7C124004FA849 /* MJRefreshFooter.m in Sources */,
				EA33BCF41DAC750700C0BE04 /* WebDetailViewController.swift in Sources */,
				EA33BCF01DAB3BE200C0BE04 /* NewsViewController.swift in Sources */,
			);
			runOnlyForDeploymentPostprocessing = 0;
		};
/* End PBXSourcesBuildPhase section */

/* Begin PBXVariantGroup section */
		EA67D0D31D9E4D0B00468A92 /* Main.storyboard */ = {
			isa = PBXVariantGroup;
			children = (
				EA67D0D41D9E4D0B00468A92 /* Base */,
			);
			name = Main.storyboard;
			sourceTree = "<group>";
		};
		EA67D0D81D9E4D0B00468A92 /* LaunchScreen.storyboard */ = {
			isa = PBXVariantGroup;
			children = (
				EA67D0D91D9E4D0B00468A92 /* Base */,
			);
			name = LaunchScreen.storyboard;
			sourceTree = "<group>";
		};
/* End PBXVariantGroup section */

/* Begin XCBuildConfiguration section */
		EA67D0DC1D9E4D0B00468A92 /* Debug */ = {
			isa = XCBuildConfiguration;
			buildSettings = {
				ALWAYS_SEARCH_USER_PATHS = NO;
				CLANG_ANALYZER_NONNULL = YES;
				CLANG_CXX_LANGUAGE_STANDARD = "gnu++0x";
				CLANG_CXX_LIBRARY = "libc++";
				CLANG_ENABLE_MODULES = YES;
				CLANG_ENABLE_OBJC_ARC = YES;
				CLANG_WARN_BOOL_CONVERSION = YES;
				CLANG_WARN_CONSTANT_CONVERSION = YES;
				CLANG_WARN_DIRECT_OBJC_ISA_USAGE = YES_ERROR;
				CLANG_WARN_EMPTY_BODY = YES;
				CLANG_WARN_ENUM_CONVERSION = YES;
				CLANG_WARN_INT_CONVERSION = YES;
				CLANG_WARN_OBJC_ROOT_CLASS = YES_ERROR;
				CLANG_WARN_UNREACHABLE_CODE = YES;
				CLANG_WARN__DUPLICATE_METHOD_MATCH = YES;
				"CODE_SIGN_IDENTITY[sdk=iphoneos*]" = "iPhone Developer";
				COPY_PHASE_STRIP = NO;
				DEBUG_INFORMATION_FORMAT = dwarf;
				ENABLE_STRICT_OBJC_MSGSEND = YES;
				ENABLE_TESTABILITY = YES;
				GCC_C_LANGUAGE_STANDARD = gnu99;
				GCC_DYNAMIC_NO_PIC = NO;
				GCC_NO_COMMON_BLOCKS = YES;
				GCC_OPTIMIZATION_LEVEL = 0;
				GCC_PREPROCESSOR_DEFINITIONS = (
					"DEBUG=1",
					"$(inherited)",
				);
				GCC_WARN_64_TO_32_BIT_CONVERSION = YES;
				GCC_WARN_ABOUT_RETURN_TYPE = YES_ERROR;
				GCC_WARN_UNDECLARED_SELECTOR = YES;
				GCC_WARN_UNINITIALIZED_AUTOS = YES_AGGRESSIVE;
				GCC_WARN_UNUSED_FUNCTION = YES;
				GCC_WARN_UNUSED_VARIABLE = YES;
				IPHONEOS_DEPLOYMENT_TARGET = 9.3;
				MTL_ENABLE_DEBUG_INFO = YES;
				ONLY_ACTIVE_ARCH = YES;
				SDKROOT = iphoneos;
				SWIFT_OPTIMIZATION_LEVEL = "-Onone";
				TARGETED_DEVICE_FAMILY = "1,2";
			};
			name = Debug;
		};
		EA67D0DD1D9E4D0B00468A92 /* Release */ = {
			isa = XCBuildConfiguration;
			buildSettings = {
				ALWAYS_SEARCH_USER_PATHS = NO;
				CLANG_ANALYZER_NONNULL = YES;
				CLANG_CXX_LANGUAGE_STANDARD = "gnu++0x";
				CLANG_CXX_LIBRARY = "libc++";
				CLANG_ENABLE_MODULES = YES;
				CLANG_ENABLE_OBJC_ARC = YES;
				CLANG_WARN_BOOL_CONVERSION = YES;
				CLANG_WARN_CONSTANT_CONVERSION = YES;
				CLANG_WARN_DIRECT_OBJC_ISA_USAGE = YES_ERROR;
				CLANG_WARN_EMPTY_BODY = YES;
				CLANG_WARN_ENUM_CONVERSION = YES;
				CLANG_WARN_INT_CONVERSION = YES;
				CLANG_WARN_OBJC_ROOT_CLASS = YES_ERROR;
				CLANG_WARN_UNREACHABLE_CODE = YES;
				CLANG_WARN__DUPLICATE_METHOD_MATCH = YES;
				"CODE_SIGN_IDENTITY[sdk=iphoneos*]" = "iPhone Developer";
				COPY_PHASE_STRIP = NO;
				DEBUG_INFORMATION_FORMAT = "dwarf-with-dsym";
				ENABLE_NS_ASSERTIONS = NO;
				ENABLE_STRICT_OBJC_MSGSEND = YES;
				GCC_C_LANGUAGE_STANDARD = gnu99;
				GCC_NO_COMMON_BLOCKS = YES;
				GCC_WARN_64_TO_32_BIT_CONVERSION = YES;
				GCC_WARN_ABOUT_RETURN_TYPE = YES_ERROR;
				GCC_WARN_UNDECLARED_SELECTOR = YES;
				GCC_WARN_UNINITIALIZED_AUTOS = YES_AGGRESSIVE;
				GCC_WARN_UNUSED_FUNCTION = YES;
				GCC_WARN_UNUSED_VARIABLE = YES;
				IPHONEOS_DEPLOYMENT_TARGET = 9.3;
				MTL_ENABLE_DEBUG_INFO = NO;
				SDKROOT = iphoneos;
				TARGETED_DEVICE_FAMILY = "1,2";
				VALIDATE_PRODUCT = YES;
			};
			name = Release;
		};
		EA67D0DF1D9E4D0B00468A92 /* Debug */ = {
			isa = XCBuildConfiguration;
			buildSettings = {
				ASSETCATALOG_COMPILER_APPICON_NAME = AppIcon;
				FRAMEWORK_SEARCH_PATHS = (
					"$(inherited)",
					"$(PROJECT_DIR)/Carthage/Build/iOS",
				);
				INFOPLIST_FILE = Medhorizon/Info.plist;
				IPHONEOS_DEPLOYMENT_TARGET = 8.0;
				LD_RUNPATH_SEARCH_PATHS = "$(inherited) @executable_path/Frameworks";
				PRODUCT_BUNDLE_IDENTIFIER = com.changchun.Medhorizon;
				PRODUCT_NAME = "$(TARGET_NAME)";
				SWIFT_OBJC_BRIDGING_HEADER = "Medhorizon/Medhorizon-Bridging.h";
				TARGETED_DEVICE_FAMILY = 1;
			};
			name = Debug;
		};
		EA67D0E01D9E4D0B00468A92 /* Release */ = {
			isa = XCBuildConfiguration;
			buildSettings = {
				ASSETCATALOG_COMPILER_APPICON_NAME = AppIcon;
				FRAMEWORK_SEARCH_PATHS = (
					"$(inherited)",
					"$(PROJECT_DIR)/Carthage/Build/iOS",
				);
				INFOPLIST_FILE = Medhorizon/Info.plist;
				IPHONEOS_DEPLOYMENT_TARGET = 8.0;
				LD_RUNPATH_SEARCH_PATHS = "$(inherited) @executable_path/Frameworks";
				PRODUCT_BUNDLE_IDENTIFIER = com.changchun.Medhorizon;
				PRODUCT_NAME = "$(TARGET_NAME)";
				SWIFT_OBJC_BRIDGING_HEADER = "Medhorizon/Medhorizon-Bridging.h";
				TARGETED_DEVICE_FAMILY = 1;
			};
			name = Release;
		};
/* End XCBuildConfiguration section */

/* Begin XCConfigurationList section */
		EA67D0C71D9E4D0B00468A92 /* Build configuration list for PBXProject "Medhorizon" */ = {
			isa = XCConfigurationList;
			buildConfigurations = (
				EA67D0DC1D9E4D0B00468A92 /* Debug */,
				EA67D0DD1D9E4D0B00468A92 /* Release */,
			);
			defaultConfigurationIsVisible = 0;
			defaultConfigurationName = Release;
		};
		EA67D0DE1D9E4D0B00468A92 /* Build configuration list for PBXNativeTarget "Medhorizon" */ = {
			isa = XCConfigurationList;
			buildConfigurations = (
				EA67D0DF1D9E4D0B00468A92 /* Debug */,
				EA67D0E01D9E4D0B00468A92 /* Release */,
			);
			defaultConfigurationIsVisible = 0;
			defaultConfigurationName = Release;
		};
/* End XCConfigurationList section */
	};
	rootObject = EA67D0C41D9E4D0B00468A92 /* Project object */;
}
